// !$*UTF8*$!
{
	archiveVersion = 1;
	classes = {
	};
	objectVersion = 46;
	objects = {

/* Begin PBXBuildFile section */
		810B56751F6A7F91008A60A1 /* APEnterPaymentView.m in Sources */ = {isa = PBXBuildFile; fileRef = 810B56741F6A7F91008A60A1 /* APEnterPaymentView.m */; };
		81279AD71F6FDEA50018268E /* APBalanceMainVC.m in Sources */ = {isa = PBXBuildFile; fileRef = 81279AD61F6FDEA50018268E /* APBalanceMainVC.m */; };
		81279ADA1F6FEF570018268E /* APBalanceCell.m in Sources */ = {isa = PBXBuildFile; fileRef = 81279AD91F6FEF570018268E /* APBalanceCell.m */; };
		81279AE11F70104A0018268E /* APTransactions.m in Sources */ = {isa = PBXBuildFile; fileRef = 81279AE01F70104A0018268E /* APTransactions.m */; };
		81279AE41F7012C90018268E /* VAG Rounded Bold.ttf in Resources */ = {isa = PBXBuildFile; fileRef = 81279AE21F7012C90018268E /* VAG Rounded Bold.ttf */; };
		81279AE51F7012C90018268E /* VAG Rounded Light.ttf in Resources */ = {isa = PBXBuildFile; fileRef = 81279AE31F7012C90018268E /* VAG Rounded Light.ttf */; };
		812F6CFE1F683DFB0031CC8F /* APMainScrollCell.m in Sources */ = {isa = PBXBuildFile; fileRef = 812F6CFD1F683DFB0031CC8F /* APMainScrollCell.m */; };
		813D0B9D1F66BA7100022A10 /* APRegisterInfoVC.m in Sources */ = {isa = PBXBuildFile; fileRef = 813D0B9B1F66BA7100022A10 /* APRegisterInfoVC.m */; };
		813D0B9E1F66BA7100022A10 /* APRegisterInfoVC.xib in Resources */ = {isa = PBXBuildFile; fileRef = 813D0B9C1F66BA7100022A10 /* APRegisterInfoVC.xib */; };
		813D0BA51F66CE9200022A10 /* APMainViewVC.m in Sources */ = {isa = PBXBuildFile; fileRef = 813D0BA41F66CE9200022A10 /* APMainViewVC.m */; };
		813D0BA91F66CFFB00022A10 /* APMainCell.m in Sources */ = {isa = PBXBuildFile; fileRef = 813D0BA71F66CFFB00022A10 /* APMainCell.m */; };
		813D0BAD1F66D5A500022A10 /* APMainModel.m in Sources */ = {isa = PBXBuildFile; fileRef = 813D0BAC1F66D5A500022A10 /* APMainModel.m */; };
		814EF4D61F6961A8003CDE7F /* NBZXingQRViewController.m in Sources */ = {isa = PBXBuildFile; fileRef = 814EF4D01F6961A8003CDE7F /* NBZXingQRViewController.m */; };
		814EF4D71F6961A8003CDE7F /* NBZXingQRViewController.xib in Resources */ = {isa = PBXBuildFile; fileRef = 814EF4D11F6961A8003CDE7F /* NBZXingQRViewController.xib */; };
		814EF4D81F6961A8003CDE7F /* HSScanView.m in Sources */ = {isa = PBXBuildFile; fileRef = 814EF4D51F6961A8003CDE7F /* HSScanView.m */; };
		814EF4DA1F696364003CDE7F /* UIKit.framework in Frameworks */ = {isa = PBXBuildFile; fileRef = 814EF4D91F696364003CDE7F /* UIKit.framework */; };
		814EF4DC1F69636C003CDE7F /* Foundation.framework in Frameworks */ = {isa = PBXBuildFile; fileRef = 814EF4DB1F69636C003CDE7F /* Foundation.framework */; };
		814EF4DE1F696376003CDE7F /* AVFoundation.framework in Frameworks */ = {isa = PBXBuildFile; fileRef = 814EF4DD1F696376003CDE7F /* AVFoundation.framework */; };
		814EF4E01F69637D003CDE7F /* ImageIO.framework in Frameworks */ = {isa = PBXBuildFile; fileRef = 814EF4DF1F69637C003CDE7F /* ImageIO.framework */; };
		814EF4E21F696387003CDE7F /* QuartzCore.framework in Frameworks */ = {isa = PBXBuildFile; fileRef = 814EF4E11F696387003CDE7F /* QuartzCore.framework */; };
		814EF4E41F696392003CDE7F /* CoreMedia.framework in Frameworks */ = {isa = PBXBuildFile; fileRef = 814EF4E31F696392003CDE7F /* CoreMedia.framework */; };
		814EF4E61F696398003CDE7F /* CoreVideo.framework in Frameworks */ = {isa = PBXBuildFile; fileRef = 814EF4E51F696398003CDE7F /* CoreVideo.framework */; };
		814EF4E81F69639F003CDE7F /* CoreGraphics.framework in Frameworks */ = {isa = PBXBuildFile; fileRef = 814EF4E71F69639F003CDE7F /* CoreGraphics.framework */; };
		814EF4EF1F6971EF003CDE7F /* APSetAmountVC.m in Sources */ = {isa = PBXBuildFile; fileRef = 814EF4EE1F6971EF003CDE7F /* APSetAmountVC.m */; };
		814EF4F21F69790B003CDE7F /* UITextView+Placeholder.m in Sources */ = {isa = PBXBuildFile; fileRef = 814EF4F11F69790B003CDE7F /* UITextView+Placeholder.m */; };
		819ED51D1F63D15000934C8B /* UIView+Frame.m in Sources */ = {isa = PBXBuildFile; fileRef = 819ED51C1F63D15000934C8B /* UIView+Frame.m */; };
		819ED52A1F63D55B00934C8B /* Main.storyboard in Resources */ = {isa = PBXBuildFile; fileRef = 819ED5281F63D55B00934C8B /* Main.storyboard */; };
		819ED5351F64199D00934C8B /* APLoginViewController.m in Sources */ = {isa = PBXBuildFile; fileRef = 819ED5331F64199D00934C8B /* APLoginViewController.m */; };
		819ED5371F641DE500934C8B /* APLoginViewController.xib in Resources */ = {isa = PBXBuildFile; fileRef = 819ED5391F641DE500934C8B /* APLoginViewController.xib */; };
		81A135271F6ABDFF00B89C3B /* APSetPaymentPWDVC.m in Sources */ = {isa = PBXBuildFile; fileRef = 81A135261F6ABDFF00B89C3B /* APSetPaymentPWDVC.m */; };
		81A1352A1F6AC3BC00B89C3B /* APSetCompletedPaymentPwdVC.m in Sources */ = {isa = PBXBuildFile; fileRef = 81A135291F6AC3BC00B89C3B /* APSetCompletedPaymentPwdVC.m */; };
		81A2B8BC1F5ECF7E0026D6D2 /* main.m in Sources */ = {isa = PBXBuildFile; fileRef = 81A2B8BB1F5ECF7E0026D6D2 /* main.m */; };
		81A2B8BF1F5ECF7E0026D6D2 /* AppDelegate.m in Sources */ = {isa = PBXBuildFile; fileRef = 81A2B8BE1F5ECF7E0026D6D2 /* AppDelegate.m */; };
		81A2B8C71F5ECF7F0026D6D2 /* Assets.xcassets in Resources */ = {isa = PBXBuildFile; fileRef = 81A2B8C61F5ECF7F0026D6D2 /* Assets.xcassets */; };
		81A2B8CA1F5ECF7F0026D6D2 /* LaunchScreen.storyboard in Resources */ = {isa = PBXBuildFile; fileRef = 81A2B8C81F5ECF7F0026D6D2 /* LaunchScreen.storyboard */; };
		81A2B8D51F5ECF7F0026D6D2 /* APay_UserTests.m in Sources */ = {isa = PBXBuildFile; fileRef = 81A2B8D41F5ECF7F0026D6D2 /* APay_UserTests.m */; };
		81A2B8E01F5ECF7F0026D6D2 /* APay_UserUITests.m in Sources */ = {isa = PBXBuildFile; fileRef = 81A2B8DF1F5ECF7F0026D6D2 /* APay_UserUITests.m */; };
		81A2B8EE1F5ED1E60026D6D2 /* libsqlite3.tbd in Frameworks */ = {isa = PBXBuildFile; fileRef = 81A2B8ED1F5ED1E60026D6D2 /* libsqlite3.tbd */; };
		81A3422D1F70337000ADA791 /* APPayAssistantCell.m in Sources */ = {isa = PBXBuildFile; fileRef = 81A3422C1F70337000ADA791 /* APPayAssistantCell.m */; };
		81A342311F70419100ADA791 /* WRNavigationBar.m in Sources */ = {isa = PBXBuildFile; fileRef = 81A342301F70419100ADA791 /* WRNavigationBar.m */; };
		81A9419D1F6BF6C700A97618 /* Calibre-Medium.ttf in Resources */ = {isa = PBXBuildFile; fileRef = 81A9419A1F6BF6C700A97618 /* Calibre-Medium.ttf */; };
		81A9419E1F6BF6C700A97618 /* Calibre-Regular.ttf in Resources */ = {isa = PBXBuildFile; fileRef = 81A9419B1F6BF6C700A97618 /* Calibre-Regular.ttf */; };
		81A9419F1F6BF6C700A97618 /* Calibre-Semibold.ttf in Resources */ = {isa = PBXBuildFile; fileRef = 81A9419C1F6BF6C700A97618 /* Calibre-Semibold.ttf */; };
		81A941A21F6BF8AC00A97618 /* UIFont+APFont.m in Sources */ = {isa = PBXBuildFile; fileRef = 81A941A11F6BF8AC00A97618 /* UIFont+APFont.m */; };
		81A941A51F6C1D4200A97618 /* APPayResultVC.m in Sources */ = {isa = PBXBuildFile; fileRef = 81A941A41F6C1D4200A97618 /* APPayResultVC.m */; };
		81A941A81F6C235400A97618 /* APPayResultHeaderCell.m in Sources */ = {isa = PBXBuildFile; fileRef = 81A941A71F6C235400A97618 /* APPayResultHeaderCell.m */; };
		81A941AB1F6C26D700A97618 /* APModel.m in Sources */ = {isa = PBXBuildFile; fileRef = 81A941AA1F6C26D700A97618 /* APModel.m */; };
		81E2E8071F6243BF0029DF39 /* NSString+Size.m in Sources */ = {isa = PBXBuildFile; fileRef = 81E2E8061F6243BF0029DF39 /* NSString+Size.m */; };
		81F029CD1F6569C7006C98E3 /* APRegisterVC.m in Sources */ = {isa = PBXBuildFile; fileRef = 81F029CB1F6569C7006C98E3 /* APRegisterVC.m */; };
		81F029CE1F6569C7006C98E3 /* APRegisterVC.xib in Resources */ = {isa = PBXBuildFile; fileRef = 81F029CC1F6569C7006C98E3 /* APRegisterVC.xib */; };
		81F029D61F65752B006C98E3 /* KMSwizzle.m in Sources */ = {isa = PBXBuildFile; fileRef = 81F029D11F65752B006C98E3 /* KMSwizzle.m */; };
		81F029D71F65752B006C98E3 /* UINavigationController+KMNavigationBarTransition.m in Sources */ = {isa = PBXBuildFile; fileRef = 81F029D31F65752B006C98E3 /* UINavigationController+KMNavigationBarTransition.m */; };
		81F029D81F65752B006C98E3 /* UIViewController+KMNavigationBarTransition.m in Sources */ = {isa = PBXBuildFile; fileRef = 81F029D51F65752B006C98E3 /* UIViewController+KMNavigationBarTransition.m */; };
		81F029DC1F657860006C98E3 /* APVerificationCodeVC.m in Sources */ = {isa = PBXBuildFile; fileRef = 81F029DA1F657860006C98E3 /* APVerificationCodeVC.m */; };
		81F029DD1F657860006C98E3 /* APVerificationCodeVC.xib in Resources */ = {isa = PBXBuildFile; fileRef = 81F029DB1F657860006C98E3 /* APVerificationCodeVC.xib */; };
		81F08A051F63B587009B4DA9 /* APTools.m in Sources */ = {isa = PBXBuildFile; fileRef = 81F08A041F63B587009B4DA9 /* APTools.m */; };
		81F08A081F63B592009B4DA9 /* APHeaders.m in Sources */ = {isa = PBXBuildFile; fileRef = 81F08A071F63B592009B4DA9 /* APHeaders.m */; };
		81F08A111F63B8DA009B4DA9 /* InfoPlist.strings in Resources */ = {isa = PBXBuildFile; fileRef = 81F08A131F63B8DA009B4DA9 /* InfoPlist.strings */; };
		81F08A181F63BABE009B4DA9 /* UIColor+Utility.m in Sources */ = {isa = PBXBuildFile; fileRef = 81F08A171F63BABE009B4DA9 /* UIColor+Utility.m */; };
		81F08A1B1F63BBFF009B4DA9 /* APNetManager.m in Sources */ = {isa = PBXBuildFile; fileRef = 81F08A1A1F63BBFF009B4DA9 /* APNetManager.m */; };
		81F08A1E1F63BDC4009B4DA9 /* APPManager.m in Sources */ = {isa = PBXBuildFile; fileRef = 81F08A1D1F63BDC4009B4DA9 /* APPManager.m */; };
		81F08A271F63BF12009B4DA9 /* MBProgressHUD+MJ.m in Sources */ = {isa = PBXBuildFile; fileRef = 81F08A261F63BF12009B4DA9 /* MBProgressHUD+MJ.m */; };
		81F08A311F63C896009B4DA9 /* APWelcomeVC.m in Sources */ = {isa = PBXBuildFile; fileRef = 81F08A2F1F63C896009B4DA9 /* APWelcomeVC.m */; };
		81F08A341F63C8AE009B4DA9 /* APWelcomeModel.m in Sources */ = {isa = PBXBuildFile; fileRef = 81F08A331F63C8AE009B4DA9 /* APWelcomeModel.m */; };
		81F51B071F6B621D004697C5 /* APMainPopView.m in Sources */ = {isa = PBXBuildFile; fileRef = 81F51B061F6B621D004697C5 /* APMainPopView.m */; };
		81F51B0A1F6B65FC004697C5 /* APTopUpBtn.m in Sources */ = {isa = PBXBuildFile; fileRef = 81F51B091F6B65FC004697C5 /* APTopUpBtn.m */; };
		81F51B0E1F6BA737004697C5 /* APUIViewController.m in Sources */ = {isa = PBXBuildFile; fileRef = 81F51B0D1F6BA737004697C5 /* APUIViewController.m */; };
		81F51B111F6BA756004697C5 /* APNavigationController.m in Sources */ = {isa = PBXBuildFile; fileRef = 81F51B101F6BA756004697C5 /* APNavigationController.m */; };
		81F51B141F6BC009004697C5 /* APPayWrongPwdView.m in Sources */ = {isa = PBXBuildFile; fileRef = 81F51B131F6BC009004697C5 /* APPayWrongPwdView.m */; };
		81F74FF21F6CB94900A75668 /* APPayResultDetailCell.m in Sources */ = {isa = PBXBuildFile; fileRef = 81F74FF11F6CB94900A75668 /* APPayResultDetailCell.m */; };
		81F74FF51F6CBFC800A75668 /* APPayNoteCell.m in Sources */ = {isa = PBXBuildFile; fileRef = 81F74FF41F6CBFC800A75668 /* APPayNoteCell.m */; };
		B94B48728586D67AC45CBFF8 /* Pods_APay_User.framework in Frameworks */ = {isa = PBXBuildFile; fileRef = 453E4523142606DB9D4E8EFE /* Pods_APay_User.framework */; };
/* End PBXBuildFile section */

/* Begin PBXContainerItemProxy section */
		81A2B8D11F5ECF7F0026D6D2 /* PBXContainerItemProxy */ = {
			isa = PBXContainerItemProxy;
			containerPortal = 81A2B8AF1F5ECF7E0026D6D2 /* Project object */;
			proxyType = 1;
			remoteGlobalIDString = 81A2B8B61F5ECF7E0026D6D2;
			remoteInfo = APay_User;
		};
		81A2B8DC1F5ECF7F0026D6D2 /* PBXContainerItemProxy */ = {
			isa = PBXContainerItemProxy;
			containerPortal = 81A2B8AF1F5ECF7E0026D6D2 /* Project object */;
			proxyType = 1;
			remoteGlobalIDString = 81A2B8B61F5ECF7E0026D6D2;
			remoteInfo = APay_User;
		};
/* End PBXContainerItemProxy section */

/* Begin PBXFileReference section */
		453E4523142606DB9D4E8EFE /* Pods_APay_User.framework */ = {isa = PBXFileReference; explicitFileType = wrapper.framework; includeInIndex = 0; path = Pods_APay_User.framework; sourceTree = BUILT_PRODUCTS_DIR; };
		5811F7E024261CC88791A310 /* Pods-APay_User.debug.xcconfig */ = {isa = PBXFileReference; includeInIndex = 1; lastKnownFileType = text.xcconfig; name = "Pods-APay_User.debug.xcconfig"; path = "Pods/Target Support Files/Pods-APay_User/Pods-APay_User.debug.xcconfig"; sourceTree = "<group>"; };
		810B56731F6A7F91008A60A1 /* APEnterPaymentView.h */ = {isa = PBXFileReference; fileEncoding = 4; lastKnownFileType = sourcecode.c.h; path = APEnterPaymentView.h; sourceTree = "<group>"; };
		810B56741F6A7F91008A60A1 /* APEnterPaymentView.m */ = {isa = PBXFileReference; fileEncoding = 4; lastKnownFileType = sourcecode.c.objc; path = APEnterPaymentView.m; sourceTree = "<group>"; };
		81279AD51F6FDEA50018268E /* APBalanceMainVC.h */ = {isa = PBXFileReference; fileEncoding = 4; lastKnownFileType = sourcecode.c.h; path = APBalanceMainVC.h; sourceTree = "<group>"; };
		81279AD61F6FDEA50018268E /* APBalanceMainVC.m */ = {isa = PBXFileReference; fileEncoding = 4; lastKnownFileType = sourcecode.c.objc; path = APBalanceMainVC.m; sourceTree = "<group>"; };
		81279AD81F6FEF570018268E /* APBalanceCell.h */ = {isa = PBXFileReference; fileEncoding = 4; lastKnownFileType = sourcecode.c.h; path = APBalanceCell.h; sourceTree = "<group>"; };
		81279AD91F6FEF570018268E /* APBalanceCell.m */ = {isa = PBXFileReference; fileEncoding = 4; lastKnownFileType = sourcecode.c.objc; path = APBalanceCell.m; sourceTree = "<group>"; };
		81279ADF1F70104A0018268E /* APTransactions.h */ = {isa = PBXFileReference; fileEncoding = 4; lastKnownFileType = sourcecode.c.h; path = APTransactions.h; sourceTree = "<group>"; };
		81279AE01F70104A0018268E /* APTransactions.m */ = {isa = PBXFileReference; fileEncoding = 4; lastKnownFileType = sourcecode.c.objc; path = APTransactions.m; sourceTree = "<group>"; };
		81279AE21F7012C90018268E /* VAG Rounded Bold.ttf */ = {isa = PBXFileReference; lastKnownFileType = file; path = "VAG Rounded Bold.ttf"; sourceTree = "<group>"; };
		81279AE31F7012C90018268E /* VAG Rounded Light.ttf */ = {isa = PBXFileReference; lastKnownFileType = file; path = "VAG Rounded Light.ttf"; sourceTree = "<group>"; };
		812F6CFC1F683DFB0031CC8F /* APMainScrollCell.h */ = {isa = PBXFileReference; fileEncoding = 4; lastKnownFileType = sourcecode.c.h; path = APMainScrollCell.h; sourceTree = "<group>"; };
		812F6CFD1F683DFB0031CC8F /* APMainScrollCell.m */ = {isa = PBXFileReference; fileEncoding = 4; lastKnownFileType = sourcecode.c.objc; path = APMainScrollCell.m; sourceTree = "<group>"; };
		813D0B9A1F66BA7100022A10 /* APRegisterInfoVC.h */ = {isa = PBXFileReference; fileEncoding = 4; lastKnownFileType = sourcecode.c.h; path = APRegisterInfoVC.h; sourceTree = "<group>"; };
		813D0B9B1F66BA7100022A10 /* APRegisterInfoVC.m */ = {isa = PBXFileReference; fileEncoding = 4; lastKnownFileType = sourcecode.c.objc; path = APRegisterInfoVC.m; sourceTree = "<group>"; };
		813D0B9C1F66BA7100022A10 /* APRegisterInfoVC.xib */ = {isa = PBXFileReference; fileEncoding = 4; lastKnownFileType = file.xib; path = APRegisterInfoVC.xib; sourceTree = "<group>"; };
		813D0BA31F66CE9200022A10 /* APMainViewVC.h */ = {isa = PBXFileReference; fileEncoding = 4; lastKnownFileType = sourcecode.c.h; path = APMainViewVC.h; sourceTree = "<group>"; };
		813D0BA41F66CE9200022A10 /* APMainViewVC.m */ = {isa = PBXFileReference; fileEncoding = 4; lastKnownFileType = sourcecode.c.objc; path = APMainViewVC.m; sourceTree = "<group>"; };
		813D0BA61F66CFFB00022A10 /* APMainCell.h */ = {isa = PBXFileReference; fileEncoding = 4; lastKnownFileType = sourcecode.c.h; path = APMainCell.h; sourceTree = "<group>"; };
		813D0BA71F66CFFB00022A10 /* APMainCell.m */ = {isa = PBXFileReference; fileEncoding = 4; lastKnownFileType = sourcecode.c.objc; path = APMainCell.m; sourceTree = "<group>"; };
		813D0BAB1F66D5A500022A10 /* APMainModel.h */ = {isa = PBXFileReference; fileEncoding = 4; lastKnownFileType = sourcecode.c.h; path = APMainModel.h; sourceTree = "<group>"; };
		813D0BAC1F66D5A500022A10 /* APMainModel.m */ = {isa = PBXFileReference; fileEncoding = 4; lastKnownFileType = sourcecode.c.objc; path = APMainModel.m; sourceTree = "<group>"; };
		814EF4CF1F6961A8003CDE7F /* NBZXingQRViewController.h */ = {isa = PBXFileReference; fileEncoding = 4; lastKnownFileType = sourcecode.c.h; path = NBZXingQRViewController.h; sourceTree = "<group>"; };
		814EF4D01F6961A8003CDE7F /* NBZXingQRViewController.m */ = {isa = PBXFileReference; fileEncoding = 4; lastKnownFileType = sourcecode.c.objc; path = NBZXingQRViewController.m; sourceTree = "<group>"; };
		814EF4D11F6961A8003CDE7F /* NBZXingQRViewController.xib */ = {isa = PBXFileReference; fileEncoding = 4; lastKnownFileType = file.xib; path = NBZXingQRViewController.xib; sourceTree = "<group>"; };
		814EF4D41F6961A8003CDE7F /* HSScanView.h */ = {isa = PBXFileReference; fileEncoding = 4; lastKnownFileType = sourcecode.c.h; path = HSScanView.h; sourceTree = "<group>"; };
		814EF4D51F6961A8003CDE7F /* HSScanView.m */ = {isa = PBXFileReference; fileEncoding = 4; lastKnownFileType = sourcecode.c.objc; path = HSScanView.m; sourceTree = "<group>"; };
		814EF4D91F696364003CDE7F /* UIKit.framework */ = {isa = PBXFileReference; lastKnownFileType = wrapper.framework; name = UIKit.framework; path = System/Library/Frameworks/UIKit.framework; sourceTree = SDKROOT; };
		814EF4DB1F69636C003CDE7F /* Foundation.framework */ = {isa = PBXFileReference; lastKnownFileType = wrapper.framework; name = Foundation.framework; path = System/Library/Frameworks/Foundation.framework; sourceTree = SDKROOT; };
		814EF4DD1F696376003CDE7F /* AVFoundation.framework */ = {isa = PBXFileReference; lastKnownFileType = wrapper.framework; name = AVFoundation.framework; path = System/Library/Frameworks/AVFoundation.framework; sourceTree = SDKROOT; };
		814EF4DF1F69637C003CDE7F /* ImageIO.framework */ = {isa = PBXFileReference; lastKnownFileType = wrapper.framework; name = ImageIO.framework; path = System/Library/Frameworks/ImageIO.framework; sourceTree = SDKROOT; };
		814EF4E11F696387003CDE7F /* QuartzCore.framework */ = {isa = PBXFileReference; lastKnownFileType = wrapper.framework; name = QuartzCore.framework; path = System/Library/Frameworks/QuartzCore.framework; sourceTree = SDKROOT; };
		814EF4E31F696392003CDE7F /* CoreMedia.framework */ = {isa = PBXFileReference; lastKnownFileType = wrapper.framework; name = CoreMedia.framework; path = System/Library/Frameworks/CoreMedia.framework; sourceTree = SDKROOT; };
		814EF4E51F696398003CDE7F /* CoreVideo.framework */ = {isa = PBXFileReference; lastKnownFileType = wrapper.framework; name = CoreVideo.framework; path = System/Library/Frameworks/CoreVideo.framework; sourceTree = SDKROOT; };
		814EF4E71F69639F003CDE7F /* CoreGraphics.framework */ = {isa = PBXFileReference; lastKnownFileType = wrapper.framework; name = CoreGraphics.framework; path = System/Library/Frameworks/CoreGraphics.framework; sourceTree = SDKROOT; };
		814EF4ED1F6971EF003CDE7F /* APSetAmountVC.h */ = {isa = PBXFileReference; fileEncoding = 4; lastKnownFileType = sourcecode.c.h; path = APSetAmountVC.h; sourceTree = "<group>"; };
		814EF4EE1F6971EF003CDE7F /* APSetAmountVC.m */ = {isa = PBXFileReference; fileEncoding = 4; lastKnownFileType = sourcecode.c.objc; path = APSetAmountVC.m; sourceTree = "<group>"; };
		814EF4F01F69790B003CDE7F /* UITextView+Placeholder.h */ = {isa = PBXFileReference; fileEncoding = 4; lastKnownFileType = sourcecode.c.h; path = "UITextView+Placeholder.h"; sourceTree = "<group>"; };
		814EF4F11F69790B003CDE7F /* UITextView+Placeholder.m */ = {isa = PBXFileReference; fileEncoding = 4; lastKnownFileType = sourcecode.c.objc; path = "UITextView+Placeholder.m"; sourceTree = "<group>"; };
		819ED51B1F63D15000934C8B /* UIView+Frame.h */ = {isa = PBXFileReference; fileEncoding = 4; lastKnownFileType = sourcecode.c.h; path = "UIView+Frame.h"; sourceTree = "<group>"; };
		819ED51C1F63D15000934C8B /* UIView+Frame.m */ = {isa = PBXFileReference; fileEncoding = 4; lastKnownFileType = sourcecode.c.objc; path = "UIView+Frame.m"; sourceTree = "<group>"; };
		819ED5291F63D55B00934C8B /* Base */ = {isa = PBXFileReference; lastKnownFileType = file.storyboard; name = Base; path = Base.lproj/Main.storyboard; sourceTree = "<group>"; };
		819ED5321F64199D00934C8B /* APLoginViewController.h */ = {isa = PBXFileReference; fileEncoding = 4; lastKnownFileType = sourcecode.c.h; path = APLoginViewController.h; sourceTree = "<group>"; };
		819ED5331F64199D00934C8B /* APLoginViewController.m */ = {isa = PBXFileReference; fileEncoding = 4; lastKnownFileType = sourcecode.c.objc; path = APLoginViewController.m; sourceTree = "<group>"; };
		819ED53C1F641E3400934C8B /* Base */ = {isa = PBXFileReference; lastKnownFileType = file.xib; name = Base; path = Base.lproj/APLoginViewController.xib; sourceTree = "<group>"; };
		819ED53E1F641E6E00934C8B /* en */ = {isa = PBXFileReference; lastKnownFileType = text.plist.strings; name = en; path = en.lproj/APLoginViewController.strings; sourceTree = "<group>"; };
		819ED5401F641E7600934C8B /* id */ = {isa = PBXFileReference; lastKnownFileType = text.plist.strings; name = id; path = id.lproj/APLoginViewController.strings; sourceTree = "<group>"; };
		81A135251F6ABDFF00B89C3B /* APSetPaymentPWDVC.h */ = {isa = PBXFileReference; fileEncoding = 4; lastKnownFileType = sourcecode.c.h; path = APSetPaymentPWDVC.h; sourceTree = "<group>"; };
		81A135261F6ABDFF00B89C3B /* APSetPaymentPWDVC.m */ = {isa = PBXFileReference; fileEncoding = 4; lastKnownFileType = sourcecode.c.objc; path = APSetPaymentPWDVC.m; sourceTree = "<group>"; };
		81A135281F6AC3BC00B89C3B /* APSetCompletedPaymentPwdVC.h */ = {isa = PBXFileReference; fileEncoding = 4; lastKnownFileType = sourcecode.c.h; path = APSetCompletedPaymentPwdVC.h; sourceTree = "<group>"; };
		81A135291F6AC3BC00B89C3B /* APSetCompletedPaymentPwdVC.m */ = {isa = PBXFileReference; fileEncoding = 4; lastKnownFileType = sourcecode.c.objc; path = APSetCompletedPaymentPwdVC.m; sourceTree = "<group>"; };
		81A2B8B71F5ECF7E0026D6D2 /* APay_User.app */ = {isa = PBXFileReference; explicitFileType = wrapper.application; includeInIndex = 0; path = APay_User.app; sourceTree = BUILT_PRODUCTS_DIR; };
		81A2B8BB1F5ECF7E0026D6D2 /* main.m */ = {isa = PBXFileReference; lastKnownFileType = sourcecode.c.objc; path = main.m; sourceTree = "<group>"; };
		81A2B8BD1F5ECF7E0026D6D2 /* AppDelegate.h */ = {isa = PBXFileReference; lastKnownFileType = sourcecode.c.h; path = AppDelegate.h; sourceTree = "<group>"; };
		81A2B8BE1F5ECF7E0026D6D2 /* AppDelegate.m */ = {isa = PBXFileReference; lastKnownFileType = sourcecode.c.objc; path = AppDelegate.m; sourceTree = "<group>"; };
		81A2B8C61F5ECF7F0026D6D2 /* Assets.xcassets */ = {isa = PBXFileReference; lastKnownFileType = folder.assetcatalog; path = Assets.xcassets; sourceTree = "<group>"; };
		81A2B8C91F5ECF7F0026D6D2 /* Base */ = {isa = PBXFileReference; lastKnownFileType = file.storyboard; name = Base; path = Base.lproj/LaunchScreen.storyboard; sourceTree = "<group>"; };
		81A2B8CB1F5ECF7F0026D6D2 /* Info.plist */ = {isa = PBXFileReference; lastKnownFileType = text.plist.xml; path = Info.plist; sourceTree = "<group>"; };
		81A2B8D01F5ECF7F0026D6D2 /* APay_UserTests.xctest */ = {isa = PBXFileReference; explicitFileType = wrapper.cfbundle; includeInIndex = 0; path = APay_UserTests.xctest; sourceTree = BUILT_PRODUCTS_DIR; };
		81A2B8D41F5ECF7F0026D6D2 /* APay_UserTests.m */ = {isa = PBXFileReference; lastKnownFileType = sourcecode.c.objc; path = APay_UserTests.m; sourceTree = "<group>"; };
		81A2B8D61F5ECF7F0026D6D2 /* Info.plist */ = {isa = PBXFileReference; lastKnownFileType = text.plist.xml; path = Info.plist; sourceTree = "<group>"; };
		81A2B8DB1F5ECF7F0026D6D2 /* APay_UserUITests.xctest */ = {isa = PBXFileReference; explicitFileType = wrapper.cfbundle; includeInIndex = 0; path = APay_UserUITests.xctest; sourceTree = BUILT_PRODUCTS_DIR; };
		81A2B8DF1F5ECF7F0026D6D2 /* APay_UserUITests.m */ = {isa = PBXFileReference; lastKnownFileType = sourcecode.c.objc; path = APay_UserUITests.m; sourceTree = "<group>"; };
		81A2B8E11F5ECF7F0026D6D2 /* Info.plist */ = {isa = PBXFileReference; lastKnownFileType = text.plist.xml; path = Info.plist; sourceTree = "<group>"; };
		81A2B8ED1F5ED1E60026D6D2 /* libsqlite3.tbd */ = {isa = PBXFileReference; lastKnownFileType = "sourcecode.text-based-dylib-definition"; name = libsqlite3.tbd; path = usr/lib/libsqlite3.tbd; sourceTree = SDKROOT; };
		81A3422B1F70337000ADA791 /* APPayAssistantCell.h */ = {isa = PBXFileReference; fileEncoding = 4; lastKnownFileType = sourcecode.c.h; path = APPayAssistantCell.h; sourceTree = "<group>"; };
		81A3422C1F70337000ADA791 /* APPayAssistantCell.m */ = {isa = PBXFileReference; fileEncoding = 4; lastKnownFileType = sourcecode.c.objc; path = APPayAssistantCell.m; sourceTree = "<group>"; };
		81A3422F1F70419100ADA791 /* WRNavigationBar.h */ = {isa = PBXFileReference; fileEncoding = 4; lastKnownFileType = sourcecode.c.h; path = WRNavigationBar.h; sourceTree = "<group>"; };
		81A342301F70419100ADA791 /* WRNavigationBar.m */ = {isa = PBXFileReference; fileEncoding = 4; lastKnownFileType = sourcecode.c.objc; path = WRNavigationBar.m; sourceTree = "<group>"; };
		81A9419A1F6BF6C700A97618 /* Calibre-Medium.ttf */ = {isa = PBXFileReference; lastKnownFileType = file; path = "Calibre-Medium.ttf"; sourceTree = "<group>"; };
		81A9419B1F6BF6C700A97618 /* Calibre-Regular.ttf */ = {isa = PBXFileReference; lastKnownFileType = file; path = "Calibre-Regular.ttf"; sourceTree = "<group>"; };
		81A9419C1F6BF6C700A97618 /* Calibre-Semibold.ttf */ = {isa = PBXFileReference; lastKnownFileType = file; path = "Calibre-Semibold.ttf"; sourceTree = "<group>"; };
		81A941A01F6BF8AC00A97618 /* UIFont+APFont.h */ = {isa = PBXFileReference; fileEncoding = 4; lastKnownFileType = sourcecode.c.h; path = "UIFont+APFont.h"; sourceTree = "<group>"; };
		81A941A11F6BF8AC00A97618 /* UIFont+APFont.m */ = {isa = PBXFileReference; fileEncoding = 4; lastKnownFileType = sourcecode.c.objc; path = "UIFont+APFont.m"; sourceTree = "<group>"; };
		81A941A31F6C1D4200A97618 /* APPayResultVC.h */ = {isa = PBXFileReference; fileEncoding = 4; lastKnownFileType = sourcecode.c.h; path = APPayResultVC.h; sourceTree = "<group>"; };
		81A941A41F6C1D4200A97618 /* APPayResultVC.m */ = {isa = PBXFileReference; fileEncoding = 4; lastKnownFileType = sourcecode.c.objc; path = APPayResultVC.m; sourceTree = "<group>"; };
		81A941A61F6C235400A97618 /* APPayResultHeaderCell.h */ = {isa = PBXFileReference; fileEncoding = 4; lastKnownFileType = sourcecode.c.h; path = APPayResultHeaderCell.h; sourceTree = "<group>"; };
		81A941A71F6C235400A97618 /* APPayResultHeaderCell.m */ = {isa = PBXFileReference; fileEncoding = 4; lastKnownFileType = sourcecode.c.objc; path = APPayResultHeaderCell.m; sourceTree = "<group>"; };
		81A941A91F6C26D700A97618 /* APModel.h */ = {isa = PBXFileReference; fileEncoding = 4; lastKnownFileType = sourcecode.c.h; path = APModel.h; sourceTree = "<group>"; };
		81A941AA1F6C26D700A97618 /* APModel.m */ = {isa = PBXFileReference; fileEncoding = 4; lastKnownFileType = sourcecode.c.objc; path = APModel.m; sourceTree = "<group>"; };
		81E2E8051F6243BF0029DF39 /* NSString+Size.h */ = {isa = PBXFileReference; fileEncoding = 4; lastKnownFileType = sourcecode.c.h; path = "NSString+Size.h"; sourceTree = "<group>"; };
		81E2E8061F6243BF0029DF39 /* NSString+Size.m */ = {isa = PBXFileReference; fileEncoding = 4; lastKnownFileType = sourcecode.c.objc; path = "NSString+Size.m"; sourceTree = "<group>"; };
		81E2E8091F6244380029DF39 /* PrefixHeader.pch */ = {isa = PBXFileReference; fileEncoding = 4; lastKnownFileType = sourcecode.c.h; path = PrefixHeader.pch; sourceTree = "<group>"; };
		81F029CA1F6569C7006C98E3 /* APRegisterVC.h */ = {isa = PBXFileReference; fileEncoding = 4; lastKnownFileType = sourcecode.c.h; path = APRegisterVC.h; sourceTree = "<group>"; };
		81F029CB1F6569C7006C98E3 /* APRegisterVC.m */ = {isa = PBXFileReference; fileEncoding = 4; lastKnownFileType = sourcecode.c.objc; path = APRegisterVC.m; sourceTree = "<group>"; };
		81F029CC1F6569C7006C98E3 /* APRegisterVC.xib */ = {isa = PBXFileReference; fileEncoding = 4; lastKnownFileType = file.xib; path = APRegisterVC.xib; sourceTree = "<group>"; };
		81F029D01F65752B006C98E3 /* KMSwizzle.h */ = {isa = PBXFileReference; fileEncoding = 4; lastKnownFileType = sourcecode.c.h; path = KMSwizzle.h; sourceTree = "<group>"; };
		81F029D11F65752B006C98E3 /* KMSwizzle.m */ = {isa = PBXFileReference; fileEncoding = 4; lastKnownFileType = sourcecode.c.objc; path = KMSwizzle.m; sourceTree = "<group>"; };
		81F029D21F65752B006C98E3 /* UINavigationController+KMNavigationBarTransition.h */ = {isa = PBXFileReference; fileEncoding = 4; lastKnownFileType = sourcecode.c.h; path = "UINavigationController+KMNavigationBarTransition.h"; sourceTree = "<group>"; };
		81F029D31F65752B006C98E3 /* UINavigationController+KMNavigationBarTransition.m */ = {isa = PBXFileReference; fileEncoding = 4; lastKnownFileType = sourcecode.c.objc; path = "UINavigationController+KMNavigationBarTransition.m"; sourceTree = "<group>"; };
		81F029D41F65752B006C98E3 /* UIViewController+KMNavigationBarTransition.h */ = {isa = PBXFileReference; fileEncoding = 4; lastKnownFileType = sourcecode.c.h; path = "UIViewController+KMNavigationBarTransition.h"; sourceTree = "<group>"; };
		81F029D51F65752B006C98E3 /* UIViewController+KMNavigationBarTransition.m */ = {isa = PBXFileReference; fileEncoding = 4; lastKnownFileType = sourcecode.c.objc; path = "UIViewController+KMNavigationBarTransition.m"; sourceTree = "<group>"; };
		81F029D91F657860006C98E3 /* APVerificationCodeVC.h */ = {isa = PBXFileReference; fileEncoding = 4; lastKnownFileType = sourcecode.c.h; path = APVerificationCodeVC.h; sourceTree = "<group>"; };
		81F029DA1F657860006C98E3 /* APVerificationCodeVC.m */ = {isa = PBXFileReference; fileEncoding = 4; lastKnownFileType = sourcecode.c.objc; path = APVerificationCodeVC.m; sourceTree = "<group>"; };
		81F029DB1F657860006C98E3 /* APVerificationCodeVC.xib */ = {isa = PBXFileReference; fileEncoding = 4; lastKnownFileType = file.xib; path = APVerificationCodeVC.xib; sourceTree = "<group>"; };
		81F089FB1F63B33A009B4DA9 /* APIMacro.h */ = {isa = PBXFileReference; fileEncoding = 4; lastKnownFileType = sourcecode.c.h; path = APIMacro.h; sourceTree = "<group>"; };
		81F089FC1F63B394009B4DA9 /* APPMacro.h */ = {isa = PBXFileReference; fileEncoding = 4; lastKnownFileType = sourcecode.c.h; path = APPMacro.h; sourceTree = "<group>"; };
		81F08A031F63B587009B4DA9 /* APTools.h */ = {isa = PBXFileReference; fileEncoding = 4; lastKnownFileType = sourcecode.c.h; path = APTools.h; sourceTree = "<group>"; };
		81F08A041F63B587009B4DA9 /* APTools.m */ = {isa = PBXFileReference; fileEncoding = 4; lastKnownFileType = sourcecode.c.objc; path = APTools.m; sourceTree = "<group>"; };
		81F08A061F63B592009B4DA9 /* APHeaders.h */ = {isa = PBXFileReference; fileEncoding = 4; lastKnownFileType = sourcecode.c.h; path = APHeaders.h; sourceTree = "<group>"; };
		81F08A071F63B592009B4DA9 /* APHeaders.m */ = {isa = PBXFileReference; fileEncoding = 4; lastKnownFileType = sourcecode.c.objc; path = APHeaders.m; sourceTree = "<group>"; };
		81F08A0E1F63B880009B4DA9 /* id */ = {isa = PBXFileReference; lastKnownFileType = text.plist.strings; name = id; path = id.lproj/LaunchScreen.strings; sourceTree = "<group>"; };
		81F08A121F63B8DA009B4DA9 /* en */ = {isa = PBXFileReference; lastKnownFileType = text.plist.strings; name = en; path = en.lproj/InfoPlist.strings; sourceTree = "<group>"; };
		81F08A141F63B8E7009B4DA9 /* id */ = {isa = PBXFileReference; lastKnownFileType = text.plist.strings; name = id; path = id.lproj/InfoPlist.strings; sourceTree = "<group>"; };
		81F08A151F63B8E8009B4DA9 /* Base */ = {isa = PBXFileReference; lastKnownFileType = text.plist.strings; name = Base; path = Base.lproj/InfoPlist.strings; sourceTree = "<group>"; };
		81F08A161F63BABE009B4DA9 /* UIColor+Utility.h */ = {isa = PBXFileReference; fileEncoding = 4; lastKnownFileType = sourcecode.c.h; path = "UIColor+Utility.h"; sourceTree = "<group>"; };
		81F08A171F63BABE009B4DA9 /* UIColor+Utility.m */ = {isa = PBXFileReference; fileEncoding = 4; lastKnownFileType = sourcecode.c.objc; path = "UIColor+Utility.m"; sourceTree = "<group>"; };
		81F08A191F63BBFF009B4DA9 /* APNetManager.h */ = {isa = PBXFileReference; fileEncoding = 4; lastKnownFileType = sourcecode.c.h; path = APNetManager.h; sourceTree = "<group>"; };
		81F08A1A1F63BBFF009B4DA9 /* APNetManager.m */ = {isa = PBXFileReference; fileEncoding = 4; lastKnownFileType = sourcecode.c.objc; path = APNetManager.m; sourceTree = "<group>"; };
		81F08A1C1F63BDC4009B4DA9 /* APPManager.h */ = {isa = PBXFileReference; fileEncoding = 4; lastKnownFileType = sourcecode.c.h; path = APPManager.h; sourceTree = "<group>"; };
		81F08A1D1F63BDC4009B4DA9 /* APPManager.m */ = {isa = PBXFileReference; fileEncoding = 4; lastKnownFileType = sourcecode.c.objc; path = APPManager.m; sourceTree = "<group>"; };
		81F08A251F63BF12009B4DA9 /* MBProgressHUD+MJ.h */ = {isa = PBXFileReference; fileEncoding = 4; lastKnownFileType = sourcecode.c.h; path = "MBProgressHUD+MJ.h"; sourceTree = "<group>"; };
		81F08A261F63BF12009B4DA9 /* MBProgressHUD+MJ.m */ = {isa = PBXFileReference; fileEncoding = 4; lastKnownFileType = sourcecode.c.objc; path = "MBProgressHUD+MJ.m"; sourceTree = "<group>"; };
		81F08A2E1F63C896009B4DA9 /* APWelcomeVC.h */ = {isa = PBXFileReference; fileEncoding = 4; lastKnownFileType = sourcecode.c.h; path = APWelcomeVC.h; sourceTree = "<group>"; };
		81F08A2F1F63C896009B4DA9 /* APWelcomeVC.m */ = {isa = PBXFileReference; fileEncoding = 4; lastKnownFileType = sourcecode.c.objc; path = APWelcomeVC.m; sourceTree = "<group>"; };
		81F08A321F63C8AE009B4DA9 /* APWelcomeModel.h */ = {isa = PBXFileReference; fileEncoding = 4; lastKnownFileType = sourcecode.c.h; path = APWelcomeModel.h; sourceTree = "<group>"; };
		81F08A331F63C8AE009B4DA9 /* APWelcomeModel.m */ = {isa = PBXFileReference; fileEncoding = 4; lastKnownFileType = sourcecode.c.objc; path = APWelcomeModel.m; sourceTree = "<group>"; };
		81F51B051F6B621D004697C5 /* APMainPopView.h */ = {isa = PBXFileReference; fileEncoding = 4; lastKnownFileType = sourcecode.c.h; path = APMainPopView.h; sourceTree = "<group>"; };
		81F51B061F6B621D004697C5 /* APMainPopView.m */ = {isa = PBXFileReference; fileEncoding = 4; lastKnownFileType = sourcecode.c.objc; path = APMainPopView.m; sourceTree = "<group>"; };
		81F51B081F6B65FC004697C5 /* APTopUpBtn.h */ = {isa = PBXFileReference; fileEncoding = 4; lastKnownFileType = sourcecode.c.h; path = APTopUpBtn.h; sourceTree = "<group>"; };
		81F51B091F6B65FC004697C5 /* APTopUpBtn.m */ = {isa = PBXFileReference; fileEncoding = 4; lastKnownFileType = sourcecode.c.objc; path = APTopUpBtn.m; sourceTree = "<group>"; };
		81F51B0C1F6BA737004697C5 /* APUIViewController.h */ = {isa = PBXFileReference; fileEncoding = 4; lastKnownFileType = sourcecode.c.h; path = APUIViewController.h; sourceTree = "<group>"; };
		81F51B0D1F6BA737004697C5 /* APUIViewController.m */ = {isa = PBXFileReference; fileEncoding = 4; lastKnownFileType = sourcecode.c.objc; path = APUIViewController.m; sourceTree = "<group>"; };
		81F51B0F1F6BA756004697C5 /* APNavigationController.h */ = {isa = PBXFileReference; fileEncoding = 4; lastKnownFileType = sourcecode.c.h; path = APNavigationController.h; sourceTree = "<group>"; };
		81F51B101F6BA756004697C5 /* APNavigationController.m */ = {isa = PBXFileReference; fileEncoding = 4; lastKnownFileType = sourcecode.c.objc; path = APNavigationController.m; sourceTree = "<group>"; };
		81F51B121F6BC009004697C5 /* APPayWrongPwdView.h */ = {isa = PBXFileReference; fileEncoding = 4; lastKnownFileType = sourcecode.c.h; path = APPayWrongPwdView.h; sourceTree = "<group>"; };
		81F51B131F6BC009004697C5 /* APPayWrongPwdView.m */ = {isa = PBXFileReference; fileEncoding = 4; lastKnownFileType = sourcecode.c.objc; path = APPayWrongPwdView.m; sourceTree = "<group>"; };
		81F74FF01F6CB94900A75668 /* APPayResultDetailCell.h */ = {isa = PBXFileReference; fileEncoding = 4; lastKnownFileType = sourcecode.c.h; path = APPayResultDetailCell.h; sourceTree = "<group>"; };
		81F74FF11F6CB94900A75668 /* APPayResultDetailCell.m */ = {isa = PBXFileReference; fileEncoding = 4; lastKnownFileType = sourcecode.c.objc; path = APPayResultDetailCell.m; sourceTree = "<group>"; };
		81F74FF31F6CBFC800A75668 /* APPayNoteCell.h */ = {isa = PBXFileReference; fileEncoding = 4; lastKnownFileType = sourcecode.c.h; path = APPayNoteCell.h; sourceTree = "<group>"; };
		81F74FF41F6CBFC800A75668 /* APPayNoteCell.m */ = {isa = PBXFileReference; fileEncoding = 4; lastKnownFileType = sourcecode.c.objc; path = APPayNoteCell.m; sourceTree = "<group>"; };
		9E317663FAA998E9C6CE3218 /* Pods-APay_User.release.xcconfig */ = {isa = PBXFileReference; includeInIndex = 1; lastKnownFileType = text.xcconfig; name = "Pods-APay_User.release.xcconfig"; path = "Pods/Target Support Files/Pods-APay_User/Pods-APay_User.release.xcconfig"; sourceTree = "<group>"; };
/* End PBXFileReference section */

/* Begin PBXFrameworksBuildPhase section */
		81A2B8B41F5ECF7E0026D6D2 /* Frameworks */ = {
			isa = PBXFrameworksBuildPhase;
			buildActionMask = 2147483647;
			files = (
				814EF4E81F69639F003CDE7F /* CoreGraphics.framework in Frameworks */,
				814EF4E61F696398003CDE7F /* CoreVideo.framework in Frameworks */,
				814EF4E41F696392003CDE7F /* CoreMedia.framework in Frameworks */,
				814EF4E21F696387003CDE7F /* QuartzCore.framework in Frameworks */,
				814EF4E01F69637D003CDE7F /* ImageIO.framework in Frameworks */,
				814EF4DE1F696376003CDE7F /* AVFoundation.framework in Frameworks */,
				814EF4DC1F69636C003CDE7F /* Foundation.framework in Frameworks */,
				814EF4DA1F696364003CDE7F /* UIKit.framework in Frameworks */,
				81A2B8EE1F5ED1E60026D6D2 /* libsqlite3.tbd in Frameworks */,
				B94B48728586D67AC45CBFF8 /* Pods_APay_User.framework in Frameworks */,
			);
			runOnlyForDeploymentPostprocessing = 0;
		};
		81A2B8CD1F5ECF7F0026D6D2 /* Frameworks */ = {
			isa = PBXFrameworksBuildPhase;
			buildActionMask = 2147483647;
			files = (
			);
			runOnlyForDeploymentPostprocessing = 0;
		};
		81A2B8D81F5ECF7F0026D6D2 /* Frameworks */ = {
			isa = PBXFrameworksBuildPhase;
			buildActionMask = 2147483647;
			files = (
			);
			runOnlyForDeploymentPostprocessing = 0;
		};
/* End PBXFrameworksBuildPhase section */

/* Begin PBXGroup section */
		40BEC1C8F101F11BA42A01B9 /* Frameworks */ = {
			isa = PBXGroup;
			children = (
				814EF4E71F69639F003CDE7F /* CoreGraphics.framework */,
				814EF4E51F696398003CDE7F /* CoreVideo.framework */,
				814EF4E31F696392003CDE7F /* CoreMedia.framework */,
				814EF4E11F696387003CDE7F /* QuartzCore.framework */,
				814EF4DF1F69637C003CDE7F /* ImageIO.framework */,
				814EF4DD1F696376003CDE7F /* AVFoundation.framework */,
				814EF4DB1F69636C003CDE7F /* Foundation.framework */,
				814EF4D91F696364003CDE7F /* UIKit.framework */,
				81A2B8ED1F5ED1E60026D6D2 /* libsqlite3.tbd */,
				453E4523142606DB9D4E8EFE /* Pods_APay_User.framework */,
			);
			name = Frameworks;
			sourceTree = "<group>";
		};
		81279AC51F6FDB940018268E /* Setting */ = {
			isa = PBXGroup;
			children = (
				81279AC61F6FDB940018268E /* Model */,
				81279AC71F6FDB940018268E /* VC */,
				81279AC81F6FDB940018268E /* View */,
			);
			path = Setting;
			sourceTree = "<group>";
		};
		81279AC61F6FDB940018268E /* Model */ = {
			isa = PBXGroup;
			children = (
			);
			path = Model;
			sourceTree = "<group>";
		};
		81279AC71F6FDB940018268E /* VC */ = {
			isa = PBXGroup;
			children = (
			);
			path = VC;
			sourceTree = "<group>";
		};
		81279AC81F6FDB940018268E /* View */ = {
			isa = PBXGroup;
			children = (
			);
			path = View;
			sourceTree = "<group>";
		};
		81279ACD1F6FDD840018268E /* Balance */ = {
			isa = PBXGroup;
			children = (
				81279ACE1F6FDD840018268E /* Model */,
				81279ACF1F6FDD840018268E /* VC */,
				81279AD01F6FDD840018268E /* View */,
			);
			path = Balance;
			sourceTree = "<group>";
		};
		81279ACE1F6FDD840018268E /* Model */ = {
			isa = PBXGroup;
			children = (
			);
			path = Model;
			sourceTree = "<group>";
		};
		81279ACF1F6FDD840018268E /* VC */ = {
			isa = PBXGroup;
			children = (
				81279AD51F6FDEA50018268E /* APBalanceMainVC.h */,
				81279AD61F6FDEA50018268E /* APBalanceMainVC.m */,
			);
			path = VC;
			sourceTree = "<group>";
		};
		81279AD01F6FDD840018268E /* View */ = {
			isa = PBXGroup;
			children = (
				81279AD81F6FEF570018268E /* APBalanceCell.h */,
				81279AD91F6FEF570018268E /* APBalanceCell.m */,
			);
			path = View;
			sourceTree = "<group>";
		};
		81279AD11F6FDD8D0018268E /* MyAccount */ = {
			isa = PBXGroup;
			children = (
				81279AD21F6FDD8D0018268E /* Model */,
				81279AD31F6FDD8D0018268E /* VC */,
				81279AD41F6FDD8D0018268E /* View */,
			);
			path = MyAccount;
			sourceTree = "<group>";
		};
		81279AD21F6FDD8D0018268E /* Model */ = {
			isa = PBXGroup;
			children = (
			);
			path = Model;
			sourceTree = "<group>";
		};
		81279AD31F6FDD8D0018268E /* VC */ = {
			isa = PBXGroup;
			children = (
			);
			path = VC;
			sourceTree = "<group>";
		};
		81279AD41F6FDD8D0018268E /* View */ = {
			isa = PBXGroup;
			children = (
			);
			path = View;
			sourceTree = "<group>";
		};
		81279ADB1F700C900018268E /* Transactions */ = {
			isa = PBXGroup;
			children = (
				81279ADC1F700C900018268E /* Model */,
				81279ADD1F700C900018268E /* VC */,
				81279ADE1F700C900018268E /* View */,
			);
			path = Transactions;
			sourceTree = "<group>";
		};
		81279ADC1F700C900018268E /* Model */ = {
			isa = PBXGroup;
			children = (
			);
			path = Model;
			sourceTree = "<group>";
		};
		81279ADD1F700C900018268E /* VC */ = {
			isa = PBXGroup;
			children = (
				81279ADF1F70104A0018268E /* APTransactions.h */,
				81279AE01F70104A0018268E /* APTransactions.m */,
			);
			path = VC;
			sourceTree = "<group>";
		};
		81279ADE1F700C900018268E /* View */ = {
			isa = PBXGroup;
			children = (
			);
			path = View;
			sourceTree = "<group>";
		};
		813D0B9F1F66CE7C00022A10 /* MainView */ = {
			isa = PBXGroup;
			children = (
				813D0BA01F66CE7C00022A10 /* Model */,
				813D0BA11F66CE7C00022A10 /* VC */,
				813D0BA21F66CE7C00022A10 /* View */,
			);
			path = MainView;
			sourceTree = "<group>";
		};
		813D0BA01F66CE7C00022A10 /* Model */ = {
			isa = PBXGroup;
			children = (
				813D0BAB1F66D5A500022A10 /* APMainModel.h */,
				813D0BAC1F66D5A500022A10 /* APMainModel.m */,
			);
			path = Model;
			sourceTree = "<group>";
		};
		813D0BA11F66CE7C00022A10 /* VC */ = {
			isa = PBXGroup;
			children = (
				813D0BA31F66CE9200022A10 /* APMainViewVC.h */,
				813D0BA41F66CE9200022A10 /* APMainViewVC.m */,
			);
			path = VC;
			sourceTree = "<group>";
		};
		813D0BA21F66CE7C00022A10 /* View */ = {
			isa = PBXGroup;
			children = (
				813D0BA61F66CFFB00022A10 /* APMainCell.h */,
				813D0BA71F66CFFB00022A10 /* APMainCell.m */,
				812F6CFC1F683DFB0031CC8F /* APMainScrollCell.h */,
				812F6CFD1F683DFB0031CC8F /* APMainScrollCell.m */,
				81F51B051F6B621D004697C5 /* APMainPopView.h */,
				81F51B061F6B621D004697C5 /* APMainPopView.m */,
				81F51B081F6B65FC004697C5 /* APTopUpBtn.h */,
				81F51B091F6B65FC004697C5 /* APTopUpBtn.m */,
				81A3422B1F70337000ADA791 /* APPayAssistantCell.h */,
				81A3422C1F70337000ADA791 /* APPayAssistantCell.m */,
			);
			path = View;
			sourceTree = "<group>";
		};
		814EF4CD1F6961A8003CDE7F /* ZXingObjcQRCode */ = {
			isa = PBXGroup;
			children = (
				814EF4CE1F6961A8003CDE7F /* Controller */,
				814EF4D21F6961A8003CDE7F /* Model */,
				814EF4D31F6961A8003CDE7F /* View */,
			);
			path = ZXingObjcQRCode;
			sourceTree = "<group>";
		};
		814EF4CE1F6961A8003CDE7F /* Controller */ = {
			isa = PBXGroup;
			children = (
				814EF4CF1F6961A8003CDE7F /* NBZXingQRViewController.h */,
				814EF4D01F6961A8003CDE7F /* NBZXingQRViewController.m */,
				814EF4D11F6961A8003CDE7F /* NBZXingQRViewController.xib */,
			);
			path = Controller;
			sourceTree = "<group>";
		};
		814EF4D21F6961A8003CDE7F /* Model */ = {
			isa = PBXGroup;
			children = (
			);
			path = Model;
			sourceTree = "<group>";
		};
		814EF4D31F6961A8003CDE7F /* View */ = {
			isa = PBXGroup;
			children = (
				814EF4D41F6961A8003CDE7F /* HSScanView.h */,
				814EF4D51F6961A8003CDE7F /* HSScanView.m */,
			);
			path = View;
			sourceTree = "<group>";
		};
		814EF4E91F69716F003CDE7F /* Pay */ = {
			isa = PBXGroup;
			children = (
				814EF4EA1F69716F003CDE7F /* Model */,
				814EF4EB1F69716F003CDE7F /* VC */,
				814EF4EC1F69716F003CDE7F /* View */,
			);
			path = Pay;
			sourceTree = "<group>";
		};
		814EF4EA1F69716F003CDE7F /* Model */ = {
			isa = PBXGroup;
			children = (
				81A941A91F6C26D700A97618 /* APModel.h */,
				81A941AA1F6C26D700A97618 /* APModel.m */,
			);
			path = Model;
			sourceTree = "<group>";
		};
		814EF4EB1F69716F003CDE7F /* VC */ = {
			isa = PBXGroup;
			children = (
				814EF4ED1F6971EF003CDE7F /* APSetAmountVC.h */,
				814EF4EE1F6971EF003CDE7F /* APSetAmountVC.m */,
				81A941A31F6C1D4200A97618 /* APPayResultVC.h */,
				81A941A41F6C1D4200A97618 /* APPayResultVC.m */,
			);
			path = VC;
			sourceTree = "<group>";
		};
		814EF4EC1F69716F003CDE7F /* View */ = {
			isa = PBXGroup;
			children = (
				810B56731F6A7F91008A60A1 /* APEnterPaymentView.h */,
				810B56741F6A7F91008A60A1 /* APEnterPaymentView.m */,
				81F51B121F6BC009004697C5 /* APPayWrongPwdView.h */,
				81F51B131F6BC009004697C5 /* APPayWrongPwdView.m */,
				81A941A61F6C235400A97618 /* APPayResultHeaderCell.h */,
				81A941A71F6C235400A97618 /* APPayResultHeaderCell.m */,
				81F74FF01F6CB94900A75668 /* APPayResultDetailCell.h */,
				81F74FF11F6CB94900A75668 /* APPayResultDetailCell.m */,
				81F74FF31F6CBFC800A75668 /* APPayNoteCell.h */,
				81F74FF41F6CBFC800A75668 /* APPayNoteCell.m */,
			);
			path = View;
			sourceTree = "<group>";
		};
		819ED52B1F64108600934C8B /* Login */ = {
			isa = PBXGroup;
			children = (
				819ED52C1F64108600934C8B /* Model */,
				819ED52D1F64108600934C8B /* VC */,
				819ED52E1F64108600934C8B /* View */,
			);
			path = Login;
			sourceTree = "<group>";
		};
		819ED52C1F64108600934C8B /* Model */ = {
			isa = PBXGroup;
			children = (
			);
			path = Model;
			sourceTree = "<group>";
		};
		819ED52D1F64108600934C8B /* VC */ = {
			isa = PBXGroup;
			children = (
				819ED5321F64199D00934C8B /* APLoginViewController.h */,
				819ED5331F64199D00934C8B /* APLoginViewController.m */,
				819ED5391F641DE500934C8B /* APLoginViewController.xib */,
				81F029CA1F6569C7006C98E3 /* APRegisterVC.h */,
				81F029CB1F6569C7006C98E3 /* APRegisterVC.m */,
				81F029CC1F6569C7006C98E3 /* APRegisterVC.xib */,
				81F029D91F657860006C98E3 /* APVerificationCodeVC.h */,
				81F029DA1F657860006C98E3 /* APVerificationCodeVC.m */,
				81F029DB1F657860006C98E3 /* APVerificationCodeVC.xib */,
				813D0B9A1F66BA7100022A10 /* APRegisterInfoVC.h */,
				813D0B9B1F66BA7100022A10 /* APRegisterInfoVC.m */,
				813D0B9C1F66BA7100022A10 /* APRegisterInfoVC.xib */,
				81A135251F6ABDFF00B89C3B /* APSetPaymentPWDVC.h */,
				81A135261F6ABDFF00B89C3B /* APSetPaymentPWDVC.m */,
				81A135281F6AC3BC00B89C3B /* APSetCompletedPaymentPwdVC.h */,
				81A135291F6AC3BC00B89C3B /* APSetCompletedPaymentPwdVC.m */,
			);
			path = VC;
			sourceTree = "<group>";
		};
		819ED52E1F64108600934C8B /* View */ = {
			isa = PBXGroup;
			children = (
			);
			path = View;
			sourceTree = "<group>";
		};
		81A2B8AE1F5ECF7E0026D6D2 = {
			isa = PBXGroup;
			children = (
				81A2B8B91F5ECF7E0026D6D2 /* APay_User */,
				81A2B8D31F5ECF7F0026D6D2 /* APay_UserTests */,
				81A2B8DE1F5ECF7F0026D6D2 /* APay_UserUITests */,
				81A2B8B81F5ECF7E0026D6D2 /* Products */,
				AC062B36B7D495D68F5EC91E /* Pods */,
				40BEC1C8F101F11BA42A01B9 /* Frameworks */,
			);
			sourceTree = "<group>";
		};
		81A2B8B81F5ECF7E0026D6D2 /* Products */ = {
			isa = PBXGroup;
			children = (
				81A2B8B71F5ECF7E0026D6D2 /* APay_User.app */,
				81A2B8D01F5ECF7F0026D6D2 /* APay_UserTests.xctest */,
				81A2B8DB1F5ECF7F0026D6D2 /* APay_UserUITests.xctest */,
			);
			name = Products;
			sourceTree = "<group>";
		};
		81A2B8B91F5ECF7E0026D6D2 /* APay_User */ = {
			isa = PBXGroup;
			children = (
				819ED5281F63D55B00934C8B /* Main.storyboard */,
				81A2B8F11F5ED5610026D6D2 /* Class */,
				81A2B8BD1F5ECF7E0026D6D2 /* AppDelegate.h */,
				81A2B8BE1F5ECF7E0026D6D2 /* AppDelegate.m */,
				81E2E8091F6244380029DF39 /* PrefixHeader.pch */,
				81A2B8C61F5ECF7F0026D6D2 /* Assets.xcassets */,
				81A2B8C81F5ECF7F0026D6D2 /* LaunchScreen.storyboard */,
				81A2B8CB1F5ECF7F0026D6D2 /* Info.plist */,
				81A2B8BA1F5ECF7E0026D6D2 /* Supporting Files */,
			);
			path = APay_User;
			sourceTree = "<group>";
		};
		81A2B8BA1F5ECF7E0026D6D2 /* Supporting Files */ = {
			isa = PBXGroup;
			children = (
				81A941991F6BF6C700A97618 /* Font */,
				81A2B8BB1F5ECF7E0026D6D2 /* main.m */,
				81F08A131F63B8DA009B4DA9 /* InfoPlist.strings */,
			);
			name = "Supporting Files";
			sourceTree = "<group>";
		};
		81A2B8D31F5ECF7F0026D6D2 /* APay_UserTests */ = {
			isa = PBXGroup;
			children = (
				81A2B8D41F5ECF7F0026D6D2 /* APay_UserTests.m */,
				81A2B8D61F5ECF7F0026D6D2 /* Info.plist */,
			);
			path = APay_UserTests;
			sourceTree = "<group>";
		};
		81A2B8DE1F5ECF7F0026D6D2 /* APay_UserUITests */ = {
			isa = PBXGroup;
			children = (
				81A2B8DF1F5ECF7F0026D6D2 /* APay_UserUITests.m */,
				81A2B8E11F5ECF7F0026D6D2 /* Info.plist */,
			);
			path = APay_UserUITests;
			sourceTree = "<group>";
		};
		81A2B8F11F5ED5610026D6D2 /* Class */ = {
			isa = PBXGroup;
			children = (
				81A2B8F21F5ED5620026D6D2 /* Categoties */,
				81A2B8F31F5ED5620026D6D2 /* DB */,
				81A2B8F41F5ED5620026D6D2 /* Helpers */,
				81A2B8F51F5ED5620026D6D2 /* Macro */,
				81A2B8F61F5ED5620026D6D2 /* Modules */,
				81A2B8F71F5ED5620026D6D2 /* Networking */,
				81A2B8F81F5ED5620026D6D2 /* Vendors */,
			);
			path = Class;
			sourceTree = "<group>";
		};
		81A2B8F21F5ED5620026D6D2 /* Categoties */ = {
			isa = PBXGroup;
			children = (
				819ED51B1F63D15000934C8B /* UIView+Frame.h */,
				819ED51C1F63D15000934C8B /* UIView+Frame.m */,
				81F08A251F63BF12009B4DA9 /* MBProgressHUD+MJ.h */,
				81F08A261F63BF12009B4DA9 /* MBProgressHUD+MJ.m */,
				81E2E8051F6243BF0029DF39 /* NSString+Size.h */,
				81E2E8061F6243BF0029DF39 /* NSString+Size.m */,
				81F08A161F63BABE009B4DA9 /* UIColor+Utility.h */,
				81F08A171F63BABE009B4DA9 /* UIColor+Utility.m */,
				814EF4F01F69790B003CDE7F /* UITextView+Placeholder.h */,
				814EF4F11F69790B003CDE7F /* UITextView+Placeholder.m */,
				81A941A01F6BF8AC00A97618 /* UIFont+APFont.h */,
				81A941A11F6BF8AC00A97618 /* UIFont+APFont.m */,
			);
			path = Categoties;
			sourceTree = "<group>";
		};
		81A2B8F31F5ED5620026D6D2 /* DB */ = {
			isa = PBXGroup;
			children = (
			);
			path = DB;
			sourceTree = "<group>";
		};
		81A2B8F41F5ED5620026D6D2 /* Helpers */ = {
			isa = PBXGroup;
			children = (
				81F08A031F63B587009B4DA9 /* APTools.h */,
				81F08A041F63B587009B4DA9 /* APTools.m */,
				81F08A061F63B592009B4DA9 /* APHeaders.h */,
				81F08A071F63B592009B4DA9 /* APHeaders.m */,
				81F08A1C1F63BDC4009B4DA9 /* APPManager.h */,
				81F08A1D1F63BDC4009B4DA9 /* APPManager.m */,
			);
			path = Helpers;
			sourceTree = "<group>";
		};
		81A2B8F51F5ED5620026D6D2 /* Macro */ = {
			isa = PBXGroup;
			children = (
				81F089FB1F63B33A009B4DA9 /* APIMacro.h */,
				81F089FC1F63B394009B4DA9 /* APPMacro.h */,
			);
			path = Macro;
			sourceTree = "<group>";
		};
		81A2B8F61F5ED5620026D6D2 /* Modules */ = {
			isa = PBXGroup;
			children = (
				81279ADB1F700C900018268E /* Transactions */,
				81279AD11F6FDD8D0018268E /* MyAccount */,
				81279ACD1F6FDD840018268E /* Balance */,
				81279AC51F6FDB940018268E /* Setting */,
				81F51B0B1F6BA71E004697C5 /* BaseClass */,
				814EF4E91F69716F003CDE7F /* Pay */,
				813D0B9F1F66CE7C00022A10 /* MainView */,
				819ED52B1F64108600934C8B /* Login */,
				81F08A281F63C2E3009B4DA9 /* WelcomeView */,
			);
			path = Modules;
			sourceTree = "<group>";
		};
		81A2B8F71F5ED5620026D6D2 /* Networking */ = {
			isa = PBXGroup;
			children = (
				81F08A191F63BBFF009B4DA9 /* APNetManager.h */,
				81F08A1A1F63BBFF009B4DA9 /* APNetManager.m */,
			);
			path = Networking;
			sourceTree = "<group>";
		};
		81A2B8F81F5ED5620026D6D2 /* Vendors */ = {
			isa = PBXGroup;
			children = (
				81A3422E1F70419100ADA791 /* WRNavigationBar */,
				814EF4CD1F6961A8003CDE7F /* ZXingObjcQRCode */,
				81F029CF1F65752B006C98E3 /* KMNavigationBarTransition */,
			);
			path = Vendors;
			sourceTree = "<group>";
		};
		81A3422E1F70419100ADA791 /* WRNavigationBar */ = {
			isa = PBXGroup;
			children = (
				81A3422F1F70419100ADA791 /* WRNavigationBar.h */,
				81A342301F70419100ADA791 /* WRNavigationBar.m */,
			);
			path = WRNavigationBar;
			sourceTree = "<group>";
		};
		81A941991F6BF6C700A97618 /* Font */ = {
			isa = PBXGroup;
			children = (
				81279AE21F7012C90018268E /* VAG Rounded Bold.ttf */,
				81279AE31F7012C90018268E /* VAG Rounded Light.ttf */,
				81A9419A1F6BF6C700A97618 /* Calibre-Medium.ttf */,
				81A9419B1F6BF6C700A97618 /* Calibre-Regular.ttf */,
				81A9419C1F6BF6C700A97618 /* Calibre-Semibold.ttf */,
			);
			path = Font;
			sourceTree = "<group>";
		};
		81F029CF1F65752B006C98E3 /* KMNavigationBarTransition */ = {
			isa = PBXGroup;
			children = (
				81F029D01F65752B006C98E3 /* KMSwizzle.h */,
				81F029D11F65752B006C98E3 /* KMSwizzle.m */,
				81F029D21F65752B006C98E3 /* UINavigationController+KMNavigationBarTransition.h */,
				81F029D31F65752B006C98E3 /* UINavigationController+KMNavigationBarTransition.m */,
				81F029D41F65752B006C98E3 /* UIViewController+KMNavigationBarTransition.h */,
				81F029D51F65752B006C98E3 /* UIViewController+KMNavigationBarTransition.m */,
			);
			path = KMNavigationBarTransition;
			sourceTree = "<group>";
		};
		81F08A281F63C2E3009B4DA9 /* WelcomeView */ = {
			isa = PBXGroup;
			children = (
				81F08A2C1F63C896009B4DA9 /* Model */,
				81F08A2D1F63C896009B4DA9 /* VC */,
				81F08A301F63C896009B4DA9 /* View */,
			);
			path = WelcomeView;
			sourceTree = "<group>";
		};
		81F08A2C1F63C896009B4DA9 /* Model */ = {
			isa = PBXGroup;
			children = (
				81F08A321F63C8AE009B4DA9 /* APWelcomeModel.h */,
				81F08A331F63C8AE009B4DA9 /* APWelcomeModel.m */,
			);
			path = Model;
			sourceTree = "<group>";
		};
		81F08A2D1F63C896009B4DA9 /* VC */ = {
			isa = PBXGroup;
			children = (
				81F08A2E1F63C896009B4DA9 /* APWelcomeVC.h */,
				81F08A2F1F63C896009B4DA9 /* APWelcomeVC.m */,
			);
			path = VC;
			sourceTree = "<group>";
		};
		81F08A301F63C896009B4DA9 /* View */ = {
			isa = PBXGroup;
			children = (
			);
			path = View;
			sourceTree = "<group>";
		};
		81F51B0B1F6BA71E004697C5 /* BaseClass */ = {
			isa = PBXGroup;
			children = (
				81F51B0C1F6BA737004697C5 /* APUIViewController.h */,
				81F51B0D1F6BA737004697C5 /* APUIViewController.m */,
				81F51B0F1F6BA756004697C5 /* APNavigationController.h */,
				81F51B101F6BA756004697C5 /* APNavigationController.m */,
			);
			path = BaseClass;
			sourceTree = "<group>";
		};
		AC062B36B7D495D68F5EC91E /* Pods */ = {
			isa = PBXGroup;
			children = (
				5811F7E024261CC88791A310 /* Pods-APay_User.debug.xcconfig */,
				9E317663FAA998E9C6CE3218 /* Pods-APay_User.release.xcconfig */,
			);
			name = Pods;
			sourceTree = "<group>";
		};
/* End PBXGroup section */

/* Begin PBXNativeTarget section */
		81A2B8B61F5ECF7E0026D6D2 /* APay_User */ = {
			isa = PBXNativeTarget;
			buildConfigurationList = 81A2B8E41F5ECF7F0026D6D2 /* Build configuration list for PBXNativeTarget "APay_User" */;
			buildPhases = (
				52E0370E3B2C0FDABB751319 /* [CP] Check Pods Manifest.lock */,
				81A2B8B31F5ECF7E0026D6D2 /* Sources */,
				81A2B8B41F5ECF7E0026D6D2 /* Frameworks */,
				81A2B8B51F5ECF7E0026D6D2 /* Resources */,
				647CBC51E4193D6E41D36089 /* [CP] Embed Pods Frameworks */,
				A2E473000F72863350C74CC0 /* [CP] Copy Pods Resources */,
			);
			buildRules = (
			);
			dependencies = (
			);
			name = APay_User;
			productName = APay_User;
			productReference = 81A2B8B71F5ECF7E0026D6D2 /* APay_User.app */;
			productType = "com.apple.product-type.application";
		};
		81A2B8CF1F5ECF7F0026D6D2 /* APay_UserTests */ = {
			isa = PBXNativeTarget;
			buildConfigurationList = 81A2B8E71F5ECF7F0026D6D2 /* Build configuration list for PBXNativeTarget "APay_UserTests" */;
			buildPhases = (
				81A2B8CC1F5ECF7F0026D6D2 /* Sources */,
				81A2B8CD1F5ECF7F0026D6D2 /* Frameworks */,
				81A2B8CE1F5ECF7F0026D6D2 /* Resources */,
			);
			buildRules = (
			);
			dependencies = (
				81A2B8D21F5ECF7F0026D6D2 /* PBXTargetDependency */,
			);
			name = APay_UserTests;
			productName = APay_UserTests;
			productReference = 81A2B8D01F5ECF7F0026D6D2 /* APay_UserTests.xctest */;
			productType = "com.apple.product-type.bundle.unit-test";
		};
		81A2B8DA1F5ECF7F0026D6D2 /* APay_UserUITests */ = {
			isa = PBXNativeTarget;
			buildConfigurationList = 81A2B8EA1F5ECF7F0026D6D2 /* Build configuration list for PBXNativeTarget "APay_UserUITests" */;
			buildPhases = (
				81A2B8D71F5ECF7F0026D6D2 /* Sources */,
				81A2B8D81F5ECF7F0026D6D2 /* Frameworks */,
				81A2B8D91F5ECF7F0026D6D2 /* Resources */,
			);
			buildRules = (
			);
			dependencies = (
				81A2B8DD1F5ECF7F0026D6D2 /* PBXTargetDependency */,
			);
			name = APay_UserUITests;
			productName = APay_UserUITests;
			productReference = 81A2B8DB1F5ECF7F0026D6D2 /* APay_UserUITests.xctest */;
			productType = "com.apple.product-type.bundle.ui-testing";
		};
/* End PBXNativeTarget section */

/* Begin PBXProject section */
		81A2B8AF1F5ECF7E0026D6D2 /* Project object */ = {
			isa = PBXProject;
			attributes = {
				CLASSPREFIX = AP;
				LastUpgradeCheck = 0800;
				ORGANIZATIONNAME = jinx;
				TargetAttributes = {
					81A2B8B61F5ECF7E0026D6D2 = {
						CreatedOnToolsVersion = 8.0;
						DevelopmentTeam = EC48L54VQP;
						ProvisioningStyle = Automatic;
					};
					81A2B8CF1F5ECF7F0026D6D2 = {
						CreatedOnToolsVersion = 8.0;
						DevelopmentTeam = EC48L54VQP;
						ProvisioningStyle = Automatic;
						TestTargetID = 81A2B8B61F5ECF7E0026D6D2;
					};
					81A2B8DA1F5ECF7F0026D6D2 = {
						CreatedOnToolsVersion = 8.0;
						DevelopmentTeam = EC48L54VQP;
						ProvisioningStyle = Automatic;
						TestTargetID = 81A2B8B61F5ECF7E0026D6D2;
					};
				};
			};
			buildConfigurationList = 81A2B8B21F5ECF7E0026D6D2 /* Build configuration list for PBXProject "APay_User" */;
			compatibilityVersion = "Xcode 3.2";
			developmentRegion = English;
			hasScannedForEncodings = 0;
			knownRegions = (
				en,
				Base,
				id,
			);
			mainGroup = 81A2B8AE1F5ECF7E0026D6D2;
			productRefGroup = 81A2B8B81F5ECF7E0026D6D2 /* Products */;
			projectDirPath = "";
			projectRoot = "";
			targets = (
				81A2B8B61F5ECF7E0026D6D2 /* APay_User */,
				81A2B8CF1F5ECF7F0026D6D2 /* APay_UserTests */,
				81A2B8DA1F5ECF7F0026D6D2 /* APay_UserUITests */,
			);
		};
/* End PBXProject section */

/* Begin PBXResourcesBuildPhase section */
		81A2B8B51F5ECF7E0026D6D2 /* Resources */ = {
			isa = PBXResourcesBuildPhase;
			buildActionMask = 2147483647;
			files = (
				81279AE51F7012C90018268E /* VAG Rounded Light.ttf in Resources */,
				813D0B9E1F66BA7100022A10 /* APRegisterInfoVC.xib in Resources */,
				81A9419E1F6BF6C700A97618 /* Calibre-Regular.ttf in Resources */,
				81A9419F1F6BF6C700A97618 /* Calibre-Semibold.ttf in Resources */,
				81F029CE1F6569C7006C98E3 /* APRegisterVC.xib in Resources */,
				81A2B8CA1F5ECF7F0026D6D2 /* LaunchScreen.storyboard in Resources */,
				81F029DD1F657860006C98E3 /* APVerificationCodeVC.xib in Resources */,
				819ED5371F641DE500934C8B /* APLoginViewController.xib in Resources */,
				814EF4D71F6961A8003CDE7F /* NBZXingQRViewController.xib in Resources */,
				81F08A111F63B8DA009B4DA9 /* InfoPlist.strings in Resources */,
				81A2B8C71F5ECF7F0026D6D2 /* Assets.xcassets in Resources */,
				81279AE41F7012C90018268E /* VAG Rounded Bold.ttf in Resources */,
				81A9419D1F6BF6C700A97618 /* Calibre-Medium.ttf in Resources */,
				819ED52A1F63D55B00934C8B /* Main.storyboard in Resources */,
			);
			runOnlyForDeploymentPostprocessing = 0;
		};
		81A2B8CE1F5ECF7F0026D6D2 /* Resources */ = {
			isa = PBXResourcesBuildPhase;
			buildActionMask = 2147483647;
			files = (
			);
			runOnlyForDeploymentPostprocessing = 0;
		};
		81A2B8D91F5ECF7F0026D6D2 /* Resources */ = {
			isa = PBXResourcesBuildPhase;
			buildActionMask = 2147483647;
			files = (
			);
			runOnlyForDeploymentPostprocessing = 0;
		};
/* End PBXResourcesBuildPhase section */

/* Begin PBXShellScriptBuildPhase section */
		52E0370E3B2C0FDABB751319 /* [CP] Check Pods Manifest.lock */ = {
			isa = PBXShellScriptBuildPhase;
			buildActionMask = 2147483647;
			files = (
			);
			inputPaths = (
				"${PODS_PODFILE_DIR_PATH}/Podfile.lock",
				"${PODS_ROOT}/Manifest.lock",
			);
			name = "[CP] Check Pods Manifest.lock";
			outputPaths = (
				"$(DERIVED_FILE_DIR)/Pods-APay_User-checkManifestLockResult.txt",
			);
			runOnlyForDeploymentPostprocessing = 0;
			shellPath = /bin/sh;
			shellScript = "diff \"${PODS_PODFILE_DIR_PATH}/Podfile.lock\" \"${PODS_ROOT}/Manifest.lock\" > /dev/null\nif [ $? != 0 ] ; then\n    # print error to STDERR\n    echo \"error: The sandbox is not in sync with the Podfile.lock. Run 'pod install' or update your CocoaPods installation.\" >&2\n    exit 1\nfi\n# This output is used by Xcode 'outputs' to avoid re-running this script phase.\necho \"SUCCESS\" > \"${SCRIPT_OUTPUT_FILE_0}\"\n";
			showEnvVarsInLog = 0;
		};
		647CBC51E4193D6E41D36089 /* [CP] Embed Pods Frameworks */ = {
			isa = PBXShellScriptBuildPhase;
			buildActionMask = 2147483647;
			files = (
			);
			inputPaths = (
				"${SRCROOT}/Pods/Target Support Files/Pods-APay_User/Pods-APay_User-frameworks.sh",
				"${BUILT_PRODUCTS_DIR}/AFNetworking/AFNetworking.framework",
				"${BUILT_PRODUCTS_DIR}/BHInfiniteScrollView/BHInfiniteScrollView.framework",
				"${BUILT_PRODUCTS_DIR}/FMDB/FMDB.framework",
				"${BUILT_PRODUCTS_DIR}/IQKeyboardManager/IQKeyboardManager.framework",
				"${BUILT_PRODUCTS_DIR}/KVOController/KVOController.framework",
				"${BUILT_PRODUCTS_DIR}/LKDBHelper/LKDBHelper.framework",
				"${BUILT_PRODUCTS_DIR}/MBProgressHUD/MBProgressHUD.framework",
				"${BUILT_PRODUCTS_DIR}/MJRefresh/MJRefresh.framework",
				"${BUILT_PRODUCTS_DIR}/Masonry/Masonry.framework",
				"${BUILT_PRODUCTS_DIR}/SDWebImage/SDWebImage.framework",
				"${BUILT_PRODUCTS_DIR}/YYModel/YYModel.framework",
				"${BUILT_PRODUCTS_DIR}/ZXingObjC/ZXingObjC.framework",
			);
			name = "[CP] Embed Pods Frameworks";
			outputPaths = (
				"${TARGET_BUILD_DIR}/${FRAMEWORKS_FOLDER_PATH}/AFNetworking.framework",
				"${TARGET_BUILD_DIR}/${FRAMEWORKS_FOLDER_PATH}/BHInfiniteScrollView.framework",
				"${TARGET_BUILD_DIR}/${FRAMEWORKS_FOLDER_PATH}/FMDB.framework",
				"${TARGET_BUILD_DIR}/${FRAMEWORKS_FOLDER_PATH}/IQKeyboardManager.framework",
				"${TARGET_BUILD_DIR}/${FRAMEWORKS_FOLDER_PATH}/KVOController.framework",
				"${TARGET_BUILD_DIR}/${FRAMEWORKS_FOLDER_PATH}/LKDBHelper.framework",
				"${TARGET_BUILD_DIR}/${FRAMEWORKS_FOLDER_PATH}/MBProgressHUD.framework",
				"${TARGET_BUILD_DIR}/${FRAMEWORKS_FOLDER_PATH}/MJRefresh.framework",
				"${TARGET_BUILD_DIR}/${FRAMEWORKS_FOLDER_PATH}/Masonry.framework",
				"${TARGET_BUILD_DIR}/${FRAMEWORKS_FOLDER_PATH}/SDWebImage.framework",
				"${TARGET_BUILD_DIR}/${FRAMEWORKS_FOLDER_PATH}/YYModel.framework",
				"${TARGET_BUILD_DIR}/${FRAMEWORKS_FOLDER_PATH}/ZXingObjC.framework",
			);
			runOnlyForDeploymentPostprocessing = 0;
			shellPath = /bin/sh;
			shellScript = "\"${SRCROOT}/Pods/Target Support Files/Pods-APay_User/Pods-APay_User-frameworks.sh\"\n";
			showEnvVarsInLog = 0;
		};
		A2E473000F72863350C74CC0 /* [CP] Copy Pods Resources */ = {
			isa = PBXShellScriptBuildPhase;
			buildActionMask = 2147483647;
			files = (
			);
			inputPaths = (
			);
			name = "[CP] Copy Pods Resources";
			outputPaths = (
			);
			runOnlyForDeploymentPostprocessing = 0;
			shellPath = /bin/sh;
			shellScript = "\"${SRCROOT}/Pods/Target Support Files/Pods-APay_User/Pods-APay_User-resources.sh\"\n";
			showEnvVarsInLog = 0;
		};
/* End PBXShellScriptBuildPhase section */

/* Begin PBXSourcesBuildPhase section */
		81A2B8B31F5ECF7E0026D6D2 /* Sources */ = {
			isa = PBXSourcesBuildPhase;
			buildActionMask = 2147483647;
			files = (
				813D0BA51F66CE9200022A10 /* APMainViewVC.m in Sources */,
				81F74FF51F6CBFC800A75668 /* APPayNoteCell.m in Sources */,
				819ED51D1F63D15000934C8B /* UIView+Frame.m in Sources */,
				81A941A21F6BF8AC00A97618 /* UIFont+APFont.m in Sources */,
				81F08A341F63C8AE009B4DA9 /* APWelcomeModel.m in Sources */,
				81F029D71F65752B006C98E3 /* UINavigationController+KMNavigationBarTransition.m in Sources */,
				81A941A81F6C235400A97618 /* APPayResultHeaderCell.m in Sources */,
				81F08A271F63BF12009B4DA9 /* MBProgressHUD+MJ.m in Sources */,
				81F08A181F63BABE009B4DA9 /* UIColor+Utility.m in Sources */,
				81F029D61F65752B006C98E3 /* KMSwizzle.m in Sources */,
				814EF4F21F69790B003CDE7F /* UITextView+Placeholder.m in Sources */,
				813D0BAD1F66D5A500022A10 /* APMainModel.m in Sources */,
				819ED5351F64199D00934C8B /* APLoginViewController.m in Sources */,
				813D0BA91F66CFFB00022A10 /* APMainCell.m in Sources */,
				814EF4D81F6961A8003CDE7F /* HSScanView.m in Sources */,
				81A941A51F6C1D4200A97618 /* APPayResultVC.m in Sources */,
				81F74FF21F6CB94900A75668 /* APPayResultDetailCell.m in Sources */,
				81279AE11F70104A0018268E /* APTransactions.m in Sources */,
				81F51B0E1F6BA737004697C5 /* APUIViewController.m in Sources */,
				81A941AB1F6C26D700A97618 /* APModel.m in Sources */,
				81F51B141F6BC009004697C5 /* APPayWrongPwdView.m in Sources */,
				81F08A051F63B587009B4DA9 /* APTools.m in Sources */,
				814EF4EF1F6971EF003CDE7F /* APSetAmountVC.m in Sources */,
				813D0B9D1F66BA7100022A10 /* APRegisterInfoVC.m in Sources */,
				81A135271F6ABDFF00B89C3B /* APSetPaymentPWDVC.m in Sources */,
				81A2B8BF1F5ECF7E0026D6D2 /* AppDelegate.m in Sources */,
				81F029DC1F657860006C98E3 /* APVerificationCodeVC.m in Sources */,
				81F08A1B1F63BBFF009B4DA9 /* APNetManager.m in Sources */,
				81F08A081F63B592009B4DA9 /* APHeaders.m in Sources */,
				81F51B0A1F6B65FC004697C5 /* APTopUpBtn.m in Sources */,
				810B56751F6A7F91008A60A1 /* APEnterPaymentView.m in Sources */,
				81F51B071F6B621D004697C5 /* APMainPopView.m in Sources */,
				81F51B111F6BA756004697C5 /* APNavigationController.m in Sources */,
				81E2E8071F6243BF0029DF39 /* NSString+Size.m in Sources */,
				81279AD71F6FDEA50018268E /* APBalanceMainVC.m in Sources */,
				81F029CD1F6569C7006C98E3 /* APRegisterVC.m in Sources */,
				812F6CFE1F683DFB0031CC8F /* APMainScrollCell.m in Sources */,
				81A2B8BC1F5ECF7E0026D6D2 /* main.m in Sources */,
				81A342311F70419100ADA791 /* WRNavigationBar.m in Sources */,
				81279ADA1F6FEF570018268E /* APBalanceCell.m in Sources */,
				81F029D81F65752B006C98E3 /* UIViewController+KMNavigationBarTransition.m in Sources */,
				81F08A311F63C896009B4DA9 /* APWelcomeVC.m in Sources */,
				81A3422D1F70337000ADA791 /* APPayAssistantCell.m in Sources */,
				814EF4D61F6961A8003CDE7F /* NBZXingQRViewController.m in Sources */,
				81F08A1E1F63BDC4009B4DA9 /* APPManager.m in Sources */,
				81A1352A1F6AC3BC00B89C3B /* APSetCompletedPaymentPwdVC.m in Sources */,
			);
			runOnlyForDeploymentPostprocessing = 0;
		};
		81A2B8CC1F5ECF7F0026D6D2 /* Sources */ = {
			isa = PBXSourcesBuildPhase;
			buildActionMask = 2147483647;
			files = (
				81A2B8D51F5ECF7F0026D6D2 /* APay_UserTests.m in Sources */,
			);
			runOnlyForDeploymentPostprocessing = 0;
		};
		81A2B8D71F5ECF7F0026D6D2 /* Sources */ = {
			isa = PBXSourcesBuildPhase;
			buildActionMask = 2147483647;
			files = (
				81A2B8E01F5ECF7F0026D6D2 /* APay_UserUITests.m in Sources */,
			);
			runOnlyForDeploymentPostprocessing = 0;
		};
/* End PBXSourcesBuildPhase section */

/* Begin PBXTargetDependency section */
		81A2B8D21F5ECF7F0026D6D2 /* PBXTargetDependency */ = {
			isa = PBXTargetDependency;
			target = 81A2B8B61F5ECF7E0026D6D2 /* APay_User */;
			targetProxy = 81A2B8D11F5ECF7F0026D6D2 /* PBXContainerItemProxy */;
		};
		81A2B8DD1F5ECF7F0026D6D2 /* PBXTargetDependency */ = {
			isa = PBXTargetDependency;
			target = 81A2B8B61F5ECF7E0026D6D2 /* APay_User */;
			targetProxy = 81A2B8DC1F5ECF7F0026D6D2 /* PBXContainerItemProxy */;
		};
/* End PBXTargetDependency section */

/* Begin PBXVariantGroup section */
		819ED5281F63D55B00934C8B /* Main.storyboard */ = {
			isa = PBXVariantGroup;
			children = (
				819ED5291F63D55B00934C8B /* Base */,
			);
			name = Main.storyboard;
			sourceTree = "<group>";
		};
		819ED5391F641DE500934C8B /* APLoginViewController.xib */ = {
			isa = PBXVariantGroup;
			children = (
				819ED53C1F641E3400934C8B /* Base */,
				819ED53E1F641E6E00934C8B /* en */,
				819ED5401F641E7600934C8B /* id */,
			);
			name = APLoginViewController.xib;
			sourceTree = "<group>";
		};
		81A2B8C81F5ECF7F0026D6D2 /* LaunchScreen.storyboard */ = {
			isa = PBXVariantGroup;
			children = (
				81A2B8C91F5ECF7F0026D6D2 /* Base */,
				81F08A0E1F63B880009B4DA9 /* id */,
			);
			name = LaunchScreen.storyboard;
			sourceTree = "<group>";
		};
		81F08A131F63B8DA009B4DA9 /* InfoPlist.strings */ = {
			isa = PBXVariantGroup;
			children = (
				81F08A121F63B8DA009B4DA9 /* en */,
				81F08A141F63B8E7009B4DA9 /* id */,
				81F08A151F63B8E8009B4DA9 /* Base */,
			);
			name = InfoPlist.strings;
			sourceTree = "<group>";
		};
/* End PBXVariantGroup section */

/* Begin XCBuildConfiguration section */
		81A2B8E21F5ECF7F0026D6D2 /* Debug */ = {
			isa = XCBuildConfiguration;
			buildSettings = {
				ALWAYS_SEARCH_USER_PATHS = NO;
				CLANG_ANALYZER_LOCALIZABILITY_NONLOCALIZED = YES;
				CLANG_ANALYZER_NONNULL = YES;
				CLANG_CXX_LANGUAGE_STANDARD = "gnu++0x";
				CLANG_CXX_LIBRARY = "libc++";
				CLANG_ENABLE_MODULES = YES;
				CLANG_ENABLE_OBJC_ARC = YES;
				CLANG_WARN_BOOL_CONVERSION = YES;
				CLANG_WARN_CONSTANT_CONVERSION = YES;
				CLANG_WARN_DIRECT_OBJC_ISA_USAGE = YES_ERROR;
				CLANG_WARN_DOCUMENTATION_COMMENTS = YES;
				CLANG_WARN_EMPTY_BODY = YES;
				CLANG_WARN_ENUM_CONVERSION = YES;
				CLANG_WARN_INFINITE_RECURSION = YES;
				CLANG_WARN_INT_CONVERSION = YES;
				CLANG_WARN_OBJC_ROOT_CLASS = YES_ERROR;
				CLANG_WARN_SUSPICIOUS_MOVES = YES;
				CLANG_WARN_UNREACHABLE_CODE = YES;
				CLANG_WARN__DUPLICATE_METHOD_MATCH = YES;
				"CODE_SIGN_IDENTITY[sdk=iphoneos*]" = "iPhone Developer";
				COPY_PHASE_STRIP = NO;
				DEBUG_INFORMATION_FORMAT = dwarf;
				ENABLE_STRICT_OBJC_MSGSEND = YES;
				ENABLE_TESTABILITY = YES;
				GCC_C_LANGUAGE_STANDARD = gnu99;
				GCC_DYNAMIC_NO_PIC = NO;
				GCC_NO_COMMON_BLOCKS = YES;
				GCC_OPTIMIZATION_LEVEL = 0;
				GCC_PREPROCESSOR_DEFINITIONS = (
					"DEBUG=1",
					"$(inherited)",
				);
				GCC_WARN_64_TO_32_BIT_CONVERSION = YES;
				GCC_WARN_ABOUT_RETURN_TYPE = YES_ERROR;
				GCC_WARN_UNDECLARED_SELECTOR = YES;
				GCC_WARN_UNINITIALIZED_AUTOS = YES_AGGRESSIVE;
				GCC_WARN_UNUSED_FUNCTION = YES;
				GCC_WARN_UNUSED_VARIABLE = YES;
				IPHONEOS_DEPLOYMENT_TARGET = 10.0;
				MTL_ENABLE_DEBUG_INFO = YES;
				ONLY_ACTIVE_ARCH = YES;
				SDKROOT = iphoneos;
				TARGETED_DEVICE_FAMILY = "1,2";
			};
			name = Debug;
		};
		81A2B8E31F5ECF7F0026D6D2 /* Release */ = {
			isa = XCBuildConfiguration;
			buildSettings = {
				ALWAYS_SEARCH_USER_PATHS = NO;
				CLANG_ANALYZER_LOCALIZABILITY_NONLOCALIZED = YES;
				CLANG_ANALYZER_NONNULL = YES;
				CLANG_CXX_LANGUAGE_STANDARD = "gnu++0x";
				CLANG_CXX_LIBRARY = "libc++";
				CLANG_ENABLE_MODULES = YES;
				CLANG_ENABLE_OBJC_ARC = YES;
				CLANG_WARN_BOOL_CONVERSION = YES;
				CLANG_WARN_CONSTANT_CONVERSION = YES;
				CLANG_WARN_DIRECT_OBJC_ISA_USAGE = YES_ERROR;
				CLANG_WARN_DOCUMENTATION_COMMENTS = YES;
				CLANG_WARN_EMPTY_BODY = YES;
				CLANG_WARN_ENUM_CONVERSION = YES;
				CLANG_WARN_INFINITE_RECURSION = YES;
				CLANG_WARN_INT_CONVERSION = YES;
				CLANG_WARN_OBJC_ROOT_CLASS = YES_ERROR;
				CLANG_WARN_SUSPICIOUS_MOVES = YES;
				CLANG_WARN_UNREACHABLE_CODE = YES;
				CLANG_WARN__DUPLICATE_METHOD_MATCH = YES;
				"CODE_SIGN_IDENTITY[sdk=iphoneos*]" = "iPhone Developer";
				COPY_PHASE_STRIP = NO;
				DEBUG_INFORMATION_FORMAT = "dwarf-with-dsym";
				ENABLE_NS_ASSERTIONS = NO;
				ENABLE_STRICT_OBJC_MSGSEND = YES;
				GCC_C_LANGUAGE_STANDARD = gnu99;
				GCC_NO_COMMON_BLOCKS = YES;
				GCC_WARN_64_TO_32_BIT_CONVERSION = YES;
				GCC_WARN_ABOUT_RETURN_TYPE = YES_ERROR;
				GCC_WARN_UNDECLARED_SELECTOR = YES;
				GCC_WARN_UNINITIALIZED_AUTOS = YES_AGGRESSIVE;
				GCC_WARN_UNUSED_FUNCTION = YES;
				GCC_WARN_UNUSED_VARIABLE = YES;
				IPHONEOS_DEPLOYMENT_TARGET = 10.0;
				MTL_ENABLE_DEBUG_INFO = NO;
				SDKROOT = iphoneos;
				TARGETED_DEVICE_FAMILY = "1,2";
				VALIDATE_PRODUCT = YES;
			};
			name = Release;
		};
		81A2B8E51F5ECF7F0026D6D2 /* Debug */ = {
			isa = XCBuildConfiguration;
			baseConfigurationReference = 5811F7E024261CC88791A310 /* Pods-APay_User.debug.xcconfig */;
			buildSettings = {
				ASSETCATALOG_COMPILER_APPICON_NAME = AppIcon;
				DEVELOPMENT_TEAM = EC48L54VQP;
				GCC_PREFIX_HEADER = "$(SRCROOT)/APay_User/PrefixHeader.pch";
				INFOPLIST_FILE = APay_User/Info.plist;
				IPHONEOS_DEPLOYMENT_TARGET = 8.0;
				LD_RUNPATH_SEARCH_PATHS = "$(inherited) @executable_path/Frameworks";
				PRODUCT_BUNDLE_IDENTIFIER = "com.api.APay-User";
				PRODUCT_NAME = "$(TARGET_NAME)";
			};
			name = Debug;
		};
		81A2B8E61F5ECF7F0026D6D2 /* Release */ = {
			isa = XCBuildConfiguration;
			baseConfigurationReference = 9E317663FAA998E9C6CE3218 /* Pods-APay_User.release.xcconfig */;
			buildSettings = {
				ASSETCATALOG_COMPILER_APPICON_NAME = AppIcon;
				DEVELOPMENT_TEAM = EC48L54VQP;
				GCC_PREFIX_HEADER = "$(SRCROOT)/APay_User/PrefixHeader.pch";
				INFOPLIST_FILE = APay_User/Info.plist;
				IPHONEOS_DEPLOYMENT_TARGET = 8.0;
				LD_RUNPATH_SEARCH_PATHS = "$(inherited) @executable_path/Frameworks";
				PRODUCT_BUNDLE_IDENTIFIER = "com.api.APay-User";
				PRODUCT_NAME = "$(TARGET_NAME)";
			};
			name = Release;
		};
		81A2B8E81F5ECF7F0026D6D2 /* Debug */ = {
			isa = XCBuildConfiguration;
			buildSettings = {
				BUNDLE_LOADER = "$(TEST_HOST)";
				DEVELOPMENT_TEAM = EC48L54VQP;
				INFOPLIST_FILE = APay_UserTests/Info.plist;
				LD_RUNPATH_SEARCH_PATHS = "$(inherited) @executable_path/Frameworks @loader_path/Frameworks";
				PRODUCT_BUNDLE_IDENTIFIER = "com.api.APay-UserTests";
				PRODUCT_NAME = "$(TARGET_NAME)";
				TEST_HOST = "$(BUILT_PRODUCTS_DIR)/APay_User.app/APay_User";
			};
			name = Debug;
		};
		81A2B8E91F5ECF7F0026D6D2 /* Release */ = {
			isa = XCBuildConfiguration;
			buildSettings = {
				BUNDLE_LOADER = "$(TEST_HOST)";
				DEVELOPMENT_TEAM = EC48L54VQP;
				INFOPLIST_FILE = APay_UserTests/Info.plist;
				LD_RUNPATH_SEARCH_PATHS = "$(inherited) @executable_path/Frameworks @loader_path/Frameworks";
				PRODUCT_BUNDLE_IDENTIFIER = "com.api.APay-UserTests";
				PRODUCT_NAME = "$(TARGET_NAME)";
				TEST_HOST = "$(BUILT_PRODUCTS_DIR)/APay_User.app/APay_User";
			};
			name = Release;
		};
		81A2B8EB1F5ECF7F0026D6D2 /* Debug */ = {
			isa = XCBuildConfiguration;
			buildSettings = {
				DEVELOPMENT_TEAM = EC48L54VQP;
				INFOPLIST_FILE = APay_UserUITests/Info.plist;
				LD_RUNPATH_SEARCH_PATHS = "$(inherited) @executable_path/Frameworks @loader_path/Frameworks";
				PRODUCT_BUNDLE_IDENTIFIER = "com.api.APay-UserUITests";
				PRODUCT_NAME = "$(TARGET_NAME)";
				TEST_TARGET_NAME = APay_User;
			};
			name = Debug;
		};
		81A2B8EC1F5ECF7F0026D6D2 /* Release */ = {
			isa = XCBuildConfiguration;
			buildSettings = {
				DEVELOPMENT_TEAM = EC48L54VQP;
				INFOPLIST_FILE = APay_UserUITests/Info.plist;
				LD_RUNPATH_SEARCH_PATHS = "$(inherited) @executable_path/Frameworks @loader_path/Frameworks";
				PRODUCT_BUNDLE_IDENTIFIER = "com.api.APay-UserUITests";
				PRODUCT_NAME = "$(TARGET_NAME)";
				TEST_TARGET_NAME = APay_User;
			};
			name = Release;
		};
/* End XCBuildConfiguration section */

/* Begin XCConfigurationList section */
		81A2B8B21F5ECF7E0026D6D2 /* Build configuration list for PBXProject "APay_User" */ = {
			isa = XCConfigurationList;
			buildConfigurations = (
				81A2B8E21F5ECF7F0026D6D2 /* Debug */,
				81A2B8E31F5ECF7F0026D6D2 /* Release */,
			);
			defaultConfigurationIsVisible = 0;
			defaultConfigurationName = Release;
		};
		81A2B8E41F5ECF7F0026D6D2 /* Build configuration list for PBXNativeTarget "APay_User" */ = {
			isa = XCConfigurationList;
			buildConfigurations = (
				81A2B8E51F5ECF7F0026D6D2 /* Debug */,
				81A2B8E61F5ECF7F0026D6D2 /* Release */,
			);
			defaultConfigurationIsVisible = 0;
			defaultConfigurationName = Release;
		};
		81A2B8E71F5ECF7F0026D6D2 /* Build configuration list for PBXNativeTarget "APay_UserTests" */ = {
			isa = XCConfigurationList;
			buildConfigurations = (
				81A2B8E81F5ECF7F0026D6D2 /* Debug */,
				81A2B8E91F5ECF7F0026D6D2 /* Release */,
			);
			defaultConfigurationIsVisible = 0;
			defaultConfigurationName = Release;
		};
		81A2B8EA1F5ECF7F0026D6D2 /* Build configuration list for PBXNativeTarget "APay_UserUITests" */ = {
			isa = XCConfigurationList;
			buildConfigurations = (
				81A2B8EB1F5ECF7F0026D6D2 /* Debug */,
				81A2B8EC1F5ECF7F0026D6D2 /* Release */,
			);
			defaultConfigurationIsVisible = 0;
			defaultConfigurationName = Release;
		};
/* End XCConfigurationList section */
	};
	rootObject = 81A2B8AF1F5ECF7E0026D6D2 /* Project object */;
}
